// !$*UTF8*$!
{
	archiveVersion = 1;
	classes = {
	};
	objectVersion = 56;
	objects = {

/* Begin PBXBuildFile section */
		09591B7B2AAFE77800A3F0D6 /* SignUpView.swift in Sources */ = {isa = PBXBuildFile; fileRef = 09591B792AAFE77800A3F0D6 /* SignUpView.swift */; };
		09591B7C2AAFE77800A3F0D6 /* SignUpView.xib in Resources */ = {isa = PBXBuildFile; fileRef = 09591B7A2AAFE77800A3F0D6 /* SignUpView.xib */; };
		09591B802AAFF44F00A3F0D6 /* UITextField+Extension.swift in Sources */ = {isa = PBXBuildFile; fileRef = 09591B7F2AAFF44F00A3F0D6 /* UITextField+Extension.swift */; };
		09A83EDC2AAE94CE0082A6A2 /* FlexLayout in Frameworks */ = {isa = PBXBuildFile; productRef = 09A83EDB2AAE94CE0082A6A2 /* FlexLayout */; };
		09A83EDE2AAE94CE0082A6A2 /* FlexLayoutYoga in Frameworks */ = {isa = PBXBuildFile; productRef = 09A83EDD2AAE94CE0082A6A2 /* FlexLayoutYoga */; };
		09A83EE02AAE94CE0082A6A2 /* FlexLayoutYogaKit in Frameworks */ = {isa = PBXBuildFile; productRef = 09A83EDF2AAE94CE0082A6A2 /* FlexLayoutYogaKit */; };
		09A83EE32AAE95330082A6A2 /* PinLayout in Frameworks */ = {isa = PBXBuildFile; productRef = 09A83EE22AAE95330082A6A2 /* PinLayout */; };
		09A83EEA2AAE9C9B0082A6A2 /* RecommendView.swift in Sources */ = {isa = PBXBuildFile; fileRef = 09A83EE82AAE9C9B0082A6A2 /* RecommendView.swift */; };
		09A83EEB2AAE9C9B0082A6A2 /* RecommendView.xib in Resources */ = {isa = PBXBuildFile; fileRef = 09A83EE92AAE9C9B0082A6A2 /* RecommendView.xib */; };
		09A83EEF2AAE9D210082A6A2 /* ArroundView.swift in Sources */ = {isa = PBXBuildFile; fileRef = 09A83EED2AAE9D210082A6A2 /* ArroundView.swift */; };
		09A83EF02AAE9D210082A6A2 /* ArroundView.xib in Resources */ = {isa = PBXBuildFile; fileRef = 09A83EEE2AAE9D210082A6A2 /* ArroundView.xib */; };
		09A83EF42AAEAB620082A6A2 /* LoginView.swift in Sources */ = {isa = PBXBuildFile; fileRef = 09A83EF22AAEAB620082A6A2 /* LoginView.swift */; };
		09A83EF52AAEAB620082A6A2 /* LoginView.xib in Resources */ = {isa = PBXBuildFile; fileRef = 09A83EF32AAEAB620082A6A2 /* LoginView.xib */; };
		09A83F072AAEE8AF0082A6A2 /* SUIT-Thin.otf in Resources */ = {isa = PBXBuildFile; fileRef = 09A83EFE2AAEE8AE0082A6A2 /* SUIT-Thin.otf */; };
		09A83F082AAEE8AF0082A6A2 /* SUIT-ExtraBold.otf in Resources */ = {isa = PBXBuildFile; fileRef = 09A83EFF2AAEE8AF0082A6A2 /* SUIT-ExtraBold.otf */; };
		09A83F092AAEE8AF0082A6A2 /* SUIT-ExtraLight.otf in Resources */ = {isa = PBXBuildFile; fileRef = 09A83F002AAEE8AF0082A6A2 /* SUIT-ExtraLight.otf */; };
		09A83F0A2AAEE8AF0082A6A2 /* SUIT-Light.otf in Resources */ = {isa = PBXBuildFile; fileRef = 09A83F012AAEE8AF0082A6A2 /* SUIT-Light.otf */; };
		09A83F0B2AAEE8AF0082A6A2 /* SUIT-Medium.otf in Resources */ = {isa = PBXBuildFile; fileRef = 09A83F022AAEE8AF0082A6A2 /* SUIT-Medium.otf */; };
		09A83F0C2AAEE8AF0082A6A2 /* SUIT-Heavy.otf in Resources */ = {isa = PBXBuildFile; fileRef = 09A83F032AAEE8AF0082A6A2 /* SUIT-Heavy.otf */; };
		09A83F0D2AAEE8AF0082A6A2 /* SUIT-SemiBold.otf in Resources */ = {isa = PBXBuildFile; fileRef = 09A83F042AAEE8AF0082A6A2 /* SUIT-SemiBold.otf */; };
		09A83F0E2AAEE8AF0082A6A2 /* SUIT-Regular.otf in Resources */ = {isa = PBXBuildFile; fileRef = 09A83F052AAEE8AF0082A6A2 /* SUIT-Regular.otf */; };
		09A83F0F2AAEE8AF0082A6A2 /* SUIT-Bold.otf in Resources */ = {isa = PBXBuildFile; fileRef = 09A83F062AAEE8AF0082A6A2 /* SUIT-Bold.otf */; };
		09A83F122AAF04940082A6A2 /* LoginApi.swift in Sources */ = {isa = PBXBuildFile; fileRef = 09A83F112AAF04940082A6A2 /* LoginApi.swift */; };
		09A83F152AAF05060082A6A2 /* CombineMoya in Frameworks */ = {isa = PBXBuildFile; productRef = 09A83F142AAF05060082A6A2 /* CombineMoya */; };
		09A83F172AAF05060082A6A2 /* Moya in Frameworks */ = {isa = PBXBuildFile; productRef = 09A83F162AAF05060082A6A2 /* Moya */; };
		09A83F192AAF05060082A6A2 /* ReactiveMoya in Frameworks */ = {isa = PBXBuildFile; productRef = 09A83F182AAF05060082A6A2 /* ReactiveMoya */; };
		09A83F1B2AAF05060082A6A2 /* RxMoya in Frameworks */ = {isa = PBXBuildFile; productRef = 09A83F1A2AAF05060082A6A2 /* RxMoya */; };
		09A83F1E2AAF05DB0082A6A2 /* Apis.swift in Sources */ = {isa = PBXBuildFile; fileRef = 09A83F1D2AAF05DB0082A6A2 /* Apis.swift */; };
		09A83F212AAF09290082A6A2 /* SessionManager.swift in Sources */ = {isa = PBXBuildFile; fileRef = 09A83F202AAF09290082A6A2 /* SessionManager.swift */; };
		09A83F242AAF0A410082A6A2 /* LoginModel.swift in Sources */ = {isa = PBXBuildFile; fileRef = 09A83F232AAF0A410082A6A2 /* LoginModel.swift */; };
		09A83F262AAF0B0E0082A6A2 /* NetworkWrapper.swift in Sources */ = {isa = PBXBuildFile; fileRef = 09A83F252AAF0B0E0082A6A2 /* NetworkWrapper.swift */; };
		09A83F282AAF0C600082A6A2 /* CustomPlugin.swift in Sources */ = {isa = PBXBuildFile; fileRef = 09A83F272AAF0C600082A6A2 /* CustomPlugin.swift */; };
		09D7B17D2AAAFE9100991841 /* AppDelegate.swift in Sources */ = {isa = PBXBuildFile; fileRef = 09D7B17C2AAAFE9100991841 /* AppDelegate.swift */; };
		09D7B17F2AAAFE9100991841 /* SceneDelegate.swift in Sources */ = {isa = PBXBuildFile; fileRef = 09D7B17E2AAAFE9100991841 /* SceneDelegate.swift */; };
		09D7B1812AAAFE9100991841 /* TabBarViewController.swift in Sources */ = {isa = PBXBuildFile; fileRef = 09D7B1802AAAFE9100991841 /* TabBarViewController.swift */; };
		09D7B1842AAAFE9100991841 /* Main.storyboard in Resources */ = {isa = PBXBuildFile; fileRef = 09D7B1822AAAFE9100991841 /* Main.storyboard */; };
		09D7B1862AAAFE9200991841 /* Assets.xcassets in Resources */ = {isa = PBXBuildFile; fileRef = 09D7B1852AAAFE9200991841 /* Assets.xcassets */; };
		09D7B1892AAAFE9200991841 /* LaunchScreen.storyboard in Resources */ = {isa = PBXBuildFile; fileRef = 09D7B1872AAAFE9200991841 /* LaunchScreen.storyboard */; };
/* End PBXBuildFile section */

/* Begin PBXFileReference section */
		09591B792AAFE77800A3F0D6 /* SignUpView.swift */ = {isa = PBXFileReference; lastKnownFileType = sourcecode.swift; path = SignUpView.swift; sourceTree = "<group>"; };
		09591B7A2AAFE77800A3F0D6 /* SignUpView.xib */ = {isa = PBXFileReference; lastKnownFileType = file.xib; path = SignUpView.xib; sourceTree = "<group>"; };
		09591B7F2AAFF44F00A3F0D6 /* UITextField+Extension.swift */ = {isa = PBXFileReference; lastKnownFileType = sourcecode.swift; path = "UITextField+Extension.swift"; sourceTree = "<group>"; };
		09A83EE82AAE9C9B0082A6A2 /* RecommendView.swift */ = {isa = PBXFileReference; lastKnownFileType = sourcecode.swift; path = RecommendView.swift; sourceTree = "<group>"; };
		09A83EE92AAE9C9B0082A6A2 /* RecommendView.xib */ = {isa = PBXFileReference; lastKnownFileType = file.xib; path = RecommendView.xib; sourceTree = "<group>"; };
		09A83EED2AAE9D210082A6A2 /* ArroundView.swift */ = {isa = PBXFileReference; lastKnownFileType = sourcecode.swift; path = ArroundView.swift; sourceTree = "<group>"; };
		09A83EEE2AAE9D210082A6A2 /* ArroundView.xib */ = {isa = PBXFileReference; lastKnownFileType = file.xib; path = ArroundView.xib; sourceTree = "<group>"; };
		09A83EF22AAEAB620082A6A2 /* LoginView.swift */ = {isa = PBXFileReference; lastKnownFileType = sourcecode.swift; path = LoginView.swift; sourceTree = "<group>"; };
		09A83EF32AAEAB620082A6A2 /* LoginView.xib */ = {isa = PBXFileReference; lastKnownFileType = file.xib; path = LoginView.xib; sourceTree = "<group>"; };
		09A83EFE2AAEE8AE0082A6A2 /* SUIT-Thin.otf */ = {isa = PBXFileReference; lastKnownFileType = file; path = "SUIT-Thin.otf"; sourceTree = "<group>"; };
		09A83EFF2AAEE8AF0082A6A2 /* SUIT-ExtraBold.otf */ = {isa = PBXFileReference; lastKnownFileType = file; path = "SUIT-ExtraBold.otf"; sourceTree = "<group>"; };
		09A83F002AAEE8AF0082A6A2 /* SUIT-ExtraLight.otf */ = {isa = PBXFileReference; lastKnownFileType = file; path = "SUIT-ExtraLight.otf"; sourceTree = "<group>"; };
		09A83F012AAEE8AF0082A6A2 /* SUIT-Light.otf */ = {isa = PBXFileReference; lastKnownFileType = file; path = "SUIT-Light.otf"; sourceTree = "<group>"; };
		09A83F022AAEE8AF0082A6A2 /* SUIT-Medium.otf */ = {isa = PBXFileReference; lastKnownFileType = file; path = "SUIT-Medium.otf"; sourceTree = "<group>"; };
		09A83F032AAEE8AF0082A6A2 /* SUIT-Heavy.otf */ = {isa = PBXFileReference; lastKnownFileType = file; path = "SUIT-Heavy.otf"; sourceTree = "<group>"; };
		09A83F042AAEE8AF0082A6A2 /* SUIT-SemiBold.otf */ = {isa = PBXFileReference; lastKnownFileType = file; path = "SUIT-SemiBold.otf"; sourceTree = "<group>"; };
		09A83F052AAEE8AF0082A6A2 /* SUIT-Regular.otf */ = {isa = PBXFileReference; lastKnownFileType = file; path = "SUIT-Regular.otf"; sourceTree = "<group>"; };
		09A83F062AAEE8AF0082A6A2 /* SUIT-Bold.otf */ = {isa = PBXFileReference; lastKnownFileType = file; path = "SUIT-Bold.otf"; sourceTree = "<group>"; };
		09A83F112AAF04940082A6A2 /* LoginApi.swift */ = {isa = PBXFileReference; lastKnownFileType = sourcecode.swift; path = LoginApi.swift; sourceTree = "<group>"; };
		09A83F1D2AAF05DB0082A6A2 /* Apis.swift */ = {isa = PBXFileReference; lastKnownFileType = sourcecode.swift; path = Apis.swift; sourceTree = "<group>"; };
		09A83F202AAF09290082A6A2 /* SessionManager.swift */ = {isa = PBXFileReference; lastKnownFileType = sourcecode.swift; path = SessionManager.swift; sourceTree = "<group>"; };
		09A83F232AAF0A410082A6A2 /* LoginModel.swift */ = {isa = PBXFileReference; lastKnownFileType = sourcecode.swift; path = LoginModel.swift; sourceTree = "<group>"; };
		09A83F252AAF0B0E0082A6A2 /* NetworkWrapper.swift */ = {isa = PBXFileReference; lastKnownFileType = sourcecode.swift; path = NetworkWrapper.swift; sourceTree = "<group>"; };
		09A83F272AAF0C600082A6A2 /* CustomPlugin.swift */ = {isa = PBXFileReference; lastKnownFileType = sourcecode.swift; path = CustomPlugin.swift; sourceTree = "<group>"; };
		09D7B1792AAAFE9100991841 /* TravelMaker.app */ = {isa = PBXFileReference; explicitFileType = wrapper.application; includeInIndex = 0; path = TravelMaker.app; sourceTree = BUILT_PRODUCTS_DIR; };
		09D7B17C2AAAFE9100991841 /* AppDelegate.swift */ = {isa = PBXFileReference; lastKnownFileType = sourcecode.swift; path = AppDelegate.swift; sourceTree = "<group>"; };
		09D7B17E2AAAFE9100991841 /* SceneDelegate.swift */ = {isa = PBXFileReference; lastKnownFileType = sourcecode.swift; path = SceneDelegate.swift; sourceTree = "<group>"; };
		09D7B1802AAAFE9100991841 /* TabBarViewController.swift */ = {isa = PBXFileReference; lastKnownFileType = sourcecode.swift; path = TabBarViewController.swift; sourceTree = "<group>"; };
		09D7B1832AAAFE9100991841 /* Base */ = {isa = PBXFileReference; lastKnownFileType = file.storyboard; name = Base; path = Base.lproj/Main.storyboard; sourceTree = "<group>"; };
		09D7B1852AAAFE9200991841 /* Assets.xcassets */ = {isa = PBXFileReference; lastKnownFileType = folder.assetcatalog; path = Assets.xcassets; sourceTree = "<group>"; };
		09D7B1882AAAFE9200991841 /* Base */ = {isa = PBXFileReference; lastKnownFileType = file.storyboard; name = Base; path = Base.lproj/LaunchScreen.storyboard; sourceTree = "<group>"; };
		09D7B18A2AAAFE9200991841 /* Info.plist */ = {isa = PBXFileReference; lastKnownFileType = text.plist.xml; path = Info.plist; sourceTree = "<group>"; };
/* End PBXFileReference section */

/* Begin PBXFrameworksBuildPhase section */
		09D7B1762AAAFE9100991841 /* Frameworks */ = {
			isa = PBXFrameworksBuildPhase;
			buildActionMask = 2147483647;
			files = (
				09A83F192AAF05060082A6A2 /* ReactiveMoya in Frameworks */,
				09A83EDC2AAE94CE0082A6A2 /* FlexLayout in Frameworks */,
				09A83EDE2AAE94CE0082A6A2 /* FlexLayoutYoga in Frameworks */,
				09A83F172AAF05060082A6A2 /* Moya in Frameworks */,
				09A83EE32AAE95330082A6A2 /* PinLayout in Frameworks */,
				09A83F152AAF05060082A6A2 /* CombineMoya in Frameworks */,
				09A83F1B2AAF05060082A6A2 /* RxMoya in Frameworks */,
				09A83EE02AAE94CE0082A6A2 /* FlexLayoutYogaKit in Frameworks */,
			);
			runOnlyForDeploymentPostprocessing = 0;
		};
/* End PBXFrameworksBuildPhase section */

/* Begin PBXGroup section */
		09591B752AAFE72A00A3F0D6 /* SignUp */ = {
			isa = PBXGroup;
			children = (
				09591B762AAFE73B00A3F0D6 /* View */,
			);
			path = SignUp;
			sourceTree = "<group>";
		};
		09591B762AAFE73B00A3F0D6 /* View */ = {
			isa = PBXGroup;
			children = (
				09591B792AAFE77800A3F0D6 /* SignUpView.swift */,
				09591B7A2AAFE77800A3F0D6 /* SignUpView.xib */,
			);
			path = View;
			sourceTree = "<group>";
		};
		09591B7D2AAFF43100A3F0D6 /* Common */ = {
			isa = PBXGroup;
			children = (
				09591B7E2AAFF43700A3F0D6 /* Extension */,
			);
			path = Common;
			sourceTree = "<group>";
		};
		09591B7E2AAFF43700A3F0D6 /* Extension */ = {
			isa = PBXGroup;
			children = (
				09591B7F2AAFF44F00A3F0D6 /* UITextField+Extension.swift */,
			);
			path = Extension;
			sourceTree = "<group>";
		};
		09A83EE72AAE9C790082A6A2 /* Recommend */ = {
			isa = PBXGroup;
			children = (
				09A83EE82AAE9C9B0082A6A2 /* RecommendView.swift */,
				09A83EE92AAE9C9B0082A6A2 /* RecommendView.xib */,
			);
			path = Recommend;
			sourceTree = "<group>";
		};
		09A83EEC2AAE9D040082A6A2 /* Arround */ = {
			isa = PBXGroup;
			children = (
				09A83EED2AAE9D210082A6A2 /* ArroundView.swift */,
				09A83EEE2AAE9D210082A6A2 /* ArroundView.xib */,
			);
			path = Arround;
			sourceTree = "<group>";
		};
		09A83EF12AAEAB500082A6A2 /* Login */ = {
			isa = PBXGroup;
			children = (
				09A83F222AAF09F70082A6A2 /* Model */,
				09A83F102AAF047D0082A6A2 /* Target */,
				09A83EF62AAECD2D0082A6A2 /* View */,
			);
			path = Login;
			sourceTree = "<group>";
		};
		09A83EF62AAECD2D0082A6A2 /* View */ = {
			isa = PBXGroup;
			children = (
				09A83EF22AAEAB620082A6A2 /* LoginView.swift */,
				09A83EF32AAEAB620082A6A2 /* LoginView.xib */,
			);
			path = View;
			sourceTree = "<group>";
		};
		09A83EFB2AAEE88D0082A6A2 /* Resource */ = {
			isa = PBXGroup;
			children = (
				09A83EFC2AAEE8980082A6A2 /* Font */,
			);
			path = Resource;
			sourceTree = "<group>";
		};
		09A83EFC2AAEE8980082A6A2 /* Font */ = {
			isa = PBXGroup;
			children = (
				09A83EFD2AAEE89F0082A6A2 /* Suit */,
			);
			path = Font;
			sourceTree = "<group>";
		};
		09A83EFD2AAEE89F0082A6A2 /* Suit */ = {
			isa = PBXGroup;
			children = (
				09A83F062AAEE8AF0082A6A2 /* SUIT-Bold.otf */,
				09A83EFF2AAEE8AF0082A6A2 /* SUIT-ExtraBold.otf */,
				09A83F002AAEE8AF0082A6A2 /* SUIT-ExtraLight.otf */,
				09A83F032AAEE8AF0082A6A2 /* SUIT-Heavy.otf */,
				09A83F012AAEE8AF0082A6A2 /* SUIT-Light.otf */,
				09A83F022AAEE8AF0082A6A2 /* SUIT-Medium.otf */,
				09A83F052AAEE8AF0082A6A2 /* SUIT-Regular.otf */,
				09A83F042AAEE8AF0082A6A2 /* SUIT-SemiBold.otf */,
				09A83EFE2AAEE8AE0082A6A2 /* SUIT-Thin.otf */,
			);
			path = Suit;
			sourceTree = "<group>";
		};
		09A83F102AAF047D0082A6A2 /* Target */ = {
			isa = PBXGroup;
			children = (
				09A83F112AAF04940082A6A2 /* LoginApi.swift */,
			);
			path = Target;
			sourceTree = "<group>";
		};
		09A83F1C2AAF05B90082A6A2 /* Network */ = {
			isa = PBXGroup;
			children = (
				09A83F1D2AAF05DB0082A6A2 /* Apis.swift */,
				09A83F252AAF0B0E0082A6A2 /* NetworkWrapper.swift */,
				09A83F272AAF0C600082A6A2 /* CustomPlugin.swift */,
			);
			path = Network;
			sourceTree = "<group>";
		};
		09A83F1F2AAF091D0082A6A2 /* Manger */ = {
			isa = PBXGroup;
			children = (
				09A83F202AAF09290082A6A2 /* SessionManager.swift */,
			);
			path = Manger;
			sourceTree = "<group>";
		};
		09A83F222AAF09F70082A6A2 /* Model */ = {
			isa = PBXGroup;
			children = (
				09A83F232AAF0A410082A6A2 /* LoginModel.swift */,
			);
			path = Model;
			sourceTree = "<group>";
		};
		09D7B1702AAAFE9100991841 = {
			isa = PBXGroup;
			children = (
				09D7B17B2AAAFE9100991841 /* TravelMaker */,
				09D7B17A2AAAFE9100991841 /* Products */,
			);
			sourceTree = "<group>";
		};
		09D7B17A2AAAFE9100991841 /* Products */ = {
			isa = PBXGroup;
			children = (
				09D7B1792AAAFE9100991841 /* TravelMaker.app */,
			);
			name = Products;
			sourceTree = "<group>";
		};
		09D7B17B2AAAFE9100991841 /* TravelMaker */ = {
			isa = PBXGroup;
			children = (
				09591B7D2AAFF43100A3F0D6 /* Common */,
				09A83F1F2AAF091D0082A6A2 /* Manger */,
				09A83F1C2AAF05B90082A6A2 /* Network */,
				09591B752AAFE72A00A3F0D6 /* SignUp */,
				09A83EF12AAEAB500082A6A2 /* Login */,
				09A83EEC2AAE9D040082A6A2 /* Arround */,
				09A83EE72AAE9C790082A6A2 /* Recommend */,
				09D7B17C2AAAFE9100991841 /* AppDelegate.swift */,
				09D7B17E2AAAFE9100991841 /* SceneDelegate.swift */,
				09D7B1802AAAFE9100991841 /* TabBarViewController.swift */,
				09D7B1822AAAFE9100991841 /* Main.storyboard */,
				09D7B1872AAAFE9200991841 /* LaunchScreen.storyboard */,
				09D7B18A2AAAFE9200991841 /* Info.plist */,
				09D7B1852AAAFE9200991841 /* Assets.xcassets */,
				09A83EFB2AAEE88D0082A6A2 /* Resource */,
			);
			path = TravelMaker;
			sourceTree = "<group>";
		};
/* End PBXGroup section */

/* Begin PBXNativeTarget section */
		09D7B1782AAAFE9100991841 /* TravelMaker */ = {
			isa = PBXNativeTarget;
			buildConfigurationList = 09D7B18D2AAAFE9200991841 /* Build configuration list for PBXNativeTarget "TravelMaker" */;
			buildPhases = (
				09D7B1752AAAFE9100991841 /* Sources */,
				09D7B1762AAAFE9100991841 /* Frameworks */,
				09D7B1772AAAFE9100991841 /* Resources */,
			);
			buildRules = (
			);
			dependencies = (
			);
			name = TravelMaker;
			packageProductDependencies = (
				09A83EDB2AAE94CE0082A6A2 /* FlexLayout */,
				09A83EDD2AAE94CE0082A6A2 /* FlexLayoutYoga */,
				09A83EDF2AAE94CE0082A6A2 /* FlexLayoutYogaKit */,
				09A83EE22AAE95330082A6A2 /* PinLayout */,
				09A83F142AAF05060082A6A2 /* CombineMoya */,
				09A83F162AAF05060082A6A2 /* Moya */,
				09A83F182AAF05060082A6A2 /* ReactiveMoya */,
				09A83F1A2AAF05060082A6A2 /* RxMoya */,
			);
			productName = TravelMaker;
			productReference = 09D7B1792AAAFE9100991841 /* TravelMaker.app */;
			productType = "com.apple.product-type.application";
		};
/* End PBXNativeTarget section */

/* Begin PBXProject section */
		09D7B1712AAAFE9100991841 /* Project object */ = {
			isa = PBXProject;
			attributes = {
				BuildIndependentTargetsInParallel = 1;
				LastSwiftUpdateCheck = 1430;
				LastUpgradeCheck = 1430;
				TargetAttributes = {
					09D7B1782AAAFE9100991841 = {
						CreatedOnToolsVersion = 14.3;
					};
				};
			};
			buildConfigurationList = 09D7B1742AAAFE9100991841 /* Build configuration list for PBXProject "TravelMaker" */;
			compatibilityVersion = "Xcode 14.0";
			developmentRegion = en;
			hasScannedForEncodings = 0;
			knownRegions = (
				en,
				Base,
			);
			mainGroup = 09D7B1702AAAFE9100991841;
			packageReferences = (
				09A83EDA2AAE94CE0082A6A2 /* XCRemoteSwiftPackageReference "FlexLayout" */,
				09A83EE12AAE95330082A6A2 /* XCRemoteSwiftPackageReference "PinLayout" */,
				09A83F132AAF05060082A6A2 /* XCRemoteSwiftPackageReference "Moya" */,
			);
			productRefGroup = 09D7B17A2AAAFE9100991841 /* Products */;
			projectDirPath = "";
			projectRoot = "";
			targets = (
				09D7B1782AAAFE9100991841 /* TravelMaker */,
			);
		};
/* End PBXProject section */

/* Begin PBXResourcesBuildPhase section */
		09D7B1772AAAFE9100991841 /* Resources */ = {
			isa = PBXResourcesBuildPhase;
			buildActionMask = 2147483647;
			files = (
				09591B7C2AAFE77800A3F0D6 /* SignUpView.xib in Resources */,
				09A83F0C2AAEE8AF0082A6A2 /* SUIT-Heavy.otf in Resources */,
				09A83F0B2AAEE8AF0082A6A2 /* SUIT-Medium.otf in Resources */,
				09A83F0D2AAEE8AF0082A6A2 /* SUIT-SemiBold.otf in Resources */,
				09A83F082AAEE8AF0082A6A2 /* SUIT-ExtraBold.otf in Resources */,
				09A83F0A2AAEE8AF0082A6A2 /* SUIT-Light.otf in Resources */,
				09A83F0E2AAEE8AF0082A6A2 /* SUIT-Regular.otf in Resources */,
				09A83F092AAEE8AF0082A6A2 /* SUIT-ExtraLight.otf in Resources */,
				09A83EF02AAE9D210082A6A2 /* ArroundView.xib in Resources */,
				09D7B1892AAAFE9200991841 /* LaunchScreen.storyboard in Resources */,
				09A83EF52AAEAB620082A6A2 /* LoginView.xib in Resources */,
				09D7B1862AAAFE9200991841 /* Assets.xcassets in Resources */,
				09D7B1842AAAFE9100991841 /* Main.storyboard in Resources */,
				09A83F0F2AAEE8AF0082A6A2 /* SUIT-Bold.otf in Resources */,
				09A83F072AAEE8AF0082A6A2 /* SUIT-Thin.otf in Resources */,
				09A83EEB2AAE9C9B0082A6A2 /* RecommendView.xib in Resources */,
			);
			runOnlyForDeploymentPostprocessing = 0;
		};
/* End PBXResourcesBuildPhase section */

/* Begin PBXSourcesBuildPhase section */
		09D7B1752AAAFE9100991841 /* Sources */ = {
			isa = PBXSourcesBuildPhase;
			buildActionMask = 2147483647;
			files = (
				09A83EF42AAEAB620082A6A2 /* LoginView.swift in Sources */,
				09D7B1812AAAFE9100991841 /* TabBarViewController.swift in Sources */,
				09A83F212AAF09290082A6A2 /* SessionManager.swift in Sources */,
				09A83F282AAF0C600082A6A2 /* CustomPlugin.swift in Sources */,
				09A83F1E2AAF05DB0082A6A2 /* Apis.swift in Sources */,
				09A83F262AAF0B0E0082A6A2 /* NetworkWrapper.swift in Sources */,
				09D7B17D2AAAFE9100991841 /* AppDelegate.swift in Sources */,
				09A83F242AAF0A410082A6A2 /* LoginModel.swift in Sources */,
				09591B7B2AAFE77800A3F0D6 /* SignUpView.swift in Sources */,
				09591B802AAFF44F00A3F0D6 /* UITextField+Extension.swift in Sources */,
				09A83F122AAF04940082A6A2 /* LoginApi.swift in Sources */,
				09D7B17F2AAAFE9100991841 /* SceneDelegate.swift in Sources */,
				09A83EEF2AAE9D210082A6A2 /* ArroundView.swift in Sources */,
				09A83EEA2AAE9C9B0082A6A2 /* RecommendView.swift in Sources */,
			);
			runOnlyForDeploymentPostprocessing = 0;
		};
/* End PBXSourcesBuildPhase section */

/* Begin PBXVariantGroup section */
		09D7B1822AAAFE9100991841 /* Main.storyboard */ = {
			isa = PBXVariantGroup;
			children = (
				09D7B1832AAAFE9100991841 /* Base */,
			);
			name = Main.storyboard;
			sourceTree = "<group>";
		};
		09D7B1872AAAFE9200991841 /* LaunchScreen.storyboard */ = {
			isa = PBXVariantGroup;
			children = (
				09D7B1882AAAFE9200991841 /* Base */,
			);
			name = LaunchScreen.storyboard;
			sourceTree = "<group>";
		};
/* End PBXVariantGroup section */

/* Begin XCBuildConfiguration section */
		09D7B18B2AAAFE9200991841 /* Debug */ = {
			isa = XCBuildConfiguration;
			buildSettings = {
				ALWAYS_SEARCH_USER_PATHS = NO;
				CLANG_ANALYZER_NONNULL = YES;
				CLANG_ANALYZER_NUMBER_OBJECT_CONVERSION = YES_AGGRESSIVE;
				CLANG_CXX_LANGUAGE_STANDARD = "gnu++20";
				CLANG_ENABLE_MODULES = YES;
				CLANG_ENABLE_OBJC_ARC = YES;
				CLANG_ENABLE_OBJC_WEAK = YES;
				CLANG_WARN_BLOCK_CAPTURE_AUTORELEASING = YES;
				CLANG_WARN_BOOL_CONVERSION = YES;
				CLANG_WARN_COMMA = YES;
				CLANG_WARN_CONSTANT_CONVERSION = YES;
				CLANG_WARN_DEPRECATED_OBJC_IMPLEMENTATIONS = YES;
				CLANG_WARN_DIRECT_OBJC_ISA_USAGE = YES_ERROR;
				CLANG_WARN_DOCUMENTATION_COMMENTS = YES;
				CLANG_WARN_EMPTY_BODY = YES;
				CLANG_WARN_ENUM_CONVERSION = YES;
				CLANG_WARN_INFINITE_RECURSION = YES;
				CLANG_WARN_INT_CONVERSION = YES;
				CLANG_WARN_NON_LITERAL_NULL_CONVERSION = YES;
				CLANG_WARN_OBJC_IMPLICIT_RETAIN_SELF = YES;
				CLANG_WARN_OBJC_LITERAL_CONVERSION = YES;
				CLANG_WARN_OBJC_ROOT_CLASS = YES_ERROR;
				CLANG_WARN_QUOTED_INCLUDE_IN_FRAMEWORK_HEADER = YES;
				CLANG_WARN_RANGE_LOOP_ANALYSIS = YES;
				CLANG_WARN_STRICT_PROTOTYPES = YES;
				CLANG_WARN_SUSPICIOUS_MOVE = YES;
				CLANG_WARN_UNGUARDED_AVAILABILITY = YES_AGGRESSIVE;
				CLANG_WARN_UNREACHABLE_CODE = YES;
				CLANG_WARN__DUPLICATE_METHOD_MATCH = YES;
				COPY_PHASE_STRIP = NO;
				DEBUG_INFORMATION_FORMAT = dwarf;
				ENABLE_STRICT_OBJC_MSGSEND = YES;
				ENABLE_TESTABILITY = YES;
				GCC_C_LANGUAGE_STANDARD = gnu11;
				GCC_DYNAMIC_NO_PIC = NO;
				GCC_NO_COMMON_BLOCKS = YES;
				GCC_OPTIMIZATION_LEVEL = 0;
				GCC_PREPROCESSOR_DEFINITIONS = (
					"DEBUG=1",
					"FLEXLAYOUT_SWIFT_PACKAGE=1",
					"$(inherited)",
				);
				GCC_WARN_64_TO_32_BIT_CONVERSION = YES;
				GCC_WARN_ABOUT_RETURN_TYPE = YES_ERROR;
				GCC_WARN_UNDECLARED_SELECTOR = YES;
				GCC_WARN_UNINITIALIZED_AUTOS = YES_AGGRESSIVE;
				GCC_WARN_UNUSED_FUNCTION = YES;
				GCC_WARN_UNUSED_VARIABLE = YES;
				IPHONEOS_DEPLOYMENT_TARGET = 16.4;
				MTL_ENABLE_DEBUG_INFO = INCLUDE_SOURCE;
				MTL_FAST_MATH = YES;
				ONLY_ACTIVE_ARCH = YES;
				SDKROOT = iphoneos;
				SWIFT_ACTIVE_COMPILATION_CONDITIONS = DEBUG;
				SWIFT_OPTIMIZATION_LEVEL = "-Onone";
			};
			name = Debug;
		};
		09D7B18C2AAAFE9200991841 /* Release */ = {
			isa = XCBuildConfiguration;
			buildSettings = {
				ALWAYS_SEARCH_USER_PATHS = NO;
				CLANG_ANALYZER_NONNULL = YES;
				CLANG_ANALYZER_NUMBER_OBJECT_CONVERSION = YES_AGGRESSIVE;
				CLANG_CXX_LANGUAGE_STANDARD = "gnu++20";
				CLANG_ENABLE_MODULES = YES;
				CLANG_ENABLE_OBJC_ARC = YES;
				CLANG_ENABLE_OBJC_WEAK = YES;
				CLANG_WARN_BLOCK_CAPTURE_AUTORELEASING = YES;
				CLANG_WARN_BOOL_CONVERSION = YES;
				CLANG_WARN_COMMA = YES;
				CLANG_WARN_CONSTANT_CONVERSION = YES;
				CLANG_WARN_DEPRECATED_OBJC_IMPLEMENTATIONS = YES;
				CLANG_WARN_DIRECT_OBJC_ISA_USAGE = YES_ERROR;
				CLANG_WARN_DOCUMENTATION_COMMENTS = YES;
				CLANG_WARN_EMPTY_BODY = YES;
				CLANG_WARN_ENUM_CONVERSION = YES;
				CLANG_WARN_INFINITE_RECURSION = YES;
				CLANG_WARN_INT_CONVERSION = YES;
				CLANG_WARN_NON_LITERAL_NULL_CONVERSION = YES;
				CLANG_WARN_OBJC_IMPLICIT_RETAIN_SELF = YES;
				CLANG_WARN_OBJC_LITERAL_CONVERSION = YES;
				CLANG_WARN_OBJC_ROOT_CLASS = YES_ERROR;
				CLANG_WARN_QUOTED_INCLUDE_IN_FRAMEWORK_HEADER = YES;
				CLANG_WARN_RANGE_LOOP_ANALYSIS = YES;
				CLANG_WARN_STRICT_PROTOTYPES = YES;
				CLANG_WARN_SUSPICIOUS_MOVE = YES;
				CLANG_WARN_UNGUARDED_AVAILABILITY = YES_AGGRESSIVE;
				CLANG_WARN_UNREACHABLE_CODE = YES;
				CLANG_WARN__DUPLICATE_METHOD_MATCH = YES;
				COPY_PHASE_STRIP = NO;
				DEBUG_INFORMATION_FORMAT = "dwarf-with-dsym";
				ENABLE_NS_ASSERTIONS = NO;
				ENABLE_STRICT_OBJC_MSGSEND = YES;
				GCC_C_LANGUAGE_STANDARD = gnu11;
				GCC_NO_COMMON_BLOCKS = YES;
				"GCC_PREPROCESSOR_DEFINITIONS[arch=*]" = "FLEXLAYOUT_SWIFT_PACKAGE=1";
				GCC_WARN_64_TO_32_BIT_CONVERSION = YES;
				GCC_WARN_ABOUT_RETURN_TYPE = YES_ERROR;
				GCC_WARN_UNDECLARED_SELECTOR = YES;
				GCC_WARN_UNINITIALIZED_AUTOS = YES_AGGRESSIVE;
				GCC_WARN_UNUSED_FUNCTION = YES;
				GCC_WARN_UNUSED_VARIABLE = YES;
				IPHONEOS_DEPLOYMENT_TARGET = 16.4;
				MTL_ENABLE_DEBUG_INFO = NO;
				MTL_FAST_MATH = YES;
				SDKROOT = iphoneos;
				SWIFT_COMPILATION_MODE = wholemodule;
				SWIFT_OPTIMIZATION_LEVEL = "-O";
				VALIDATE_PRODUCT = YES;
			};
			name = Release;
		};
		09D7B18E2AAAFE9200991841 /* Debug */ = {
			isa = XCBuildConfiguration;
			buildSettings = {
				ASSETCATALOG_COMPILER_APPICON_NAME = AppIcon;
				ASSETCATALOG_COMPILER_GLOBAL_ACCENT_COLOR_NAME = AccentColor;
				CODE_SIGN_STYLE = Automatic;
				CURRENT_PROJECT_VERSION = 1;
				DEVELOPMENT_TEAM = 85JQGU3JU9;
				"GCC_PREPROCESSOR_DEFINITIONS[arch=*]" = (
					"DEBUG=1",
					"FLEXLAYOUT_SWIFT_PACKAGE=1",
					"$(inherited)",
				);
				GENERATE_INFOPLIST_FILE = YES;
				INFOPLIST_FILE = TravelMaker/Info.plist;
				INFOPLIST_KEY_UIApplicationSupportsIndirectInputEvents = YES;
				INFOPLIST_KEY_UILaunchStoryboardName = LaunchScreen;
				INFOPLIST_KEY_UIMainStoryboardFile = Main;
				INFOPLIST_KEY_UISupportedInterfaceOrientations_iPad = "UIInterfaceOrientationPortrait UIInterfaceOrientationPortraitUpsideDown UIInterfaceOrientationLandscapeLeft UIInterfaceOrientationLandscapeRight";
				INFOPLIST_KEY_UISupportedInterfaceOrientations_iPhone = "UIInterfaceOrientationPortrait UIInterfaceOrientationLandscapeLeft UIInterfaceOrientationLandscapeRight";
				LD_RUNPATH_SEARCH_PATHS = (
					"$(inherited)",
					"@executable_path/Frameworks",
				);
				MARKETING_VERSION = 1.0;
				PRODUCT_BUNDLE_IDENTIFIER = com.develop.chanho.TravelMaker;
				PRODUCT_NAME = "$(TARGET_NAME)";
				SWIFT_EMIT_LOC_STRINGS = YES;
				SWIFT_VERSION = 5.0;
				TARGETED_DEVICE_FAMILY = "1,2";
			};
			name = Debug;
		};
		09D7B18F2AAAFE9200991841 /* Release */ = {
			isa = XCBuildConfiguration;
			buildSettings = {
				ASSETCATALOG_COMPILER_APPICON_NAME = AppIcon;
				ASSETCATALOG_COMPILER_GLOBAL_ACCENT_COLOR_NAME = AccentColor;
				CODE_SIGN_STYLE = Automatic;
				CURRENT_PROJECT_VERSION = 1;
				DEVELOPMENT_TEAM = 85JQGU3JU9;
				"GCC_PREPROCESSOR_DEFINITIONS[arch=*]" = "FLEXLAYOUT_SWIFT_PACKAGE=1";
				GENERATE_INFOPLIST_FILE = YES;
				INFOPLIST_FILE = TravelMaker/Info.plist;
				INFOPLIST_KEY_UIApplicationSupportsIndirectInputEvents = YES;
				INFOPLIST_KEY_UILaunchStoryboardName = LaunchScreen;
				INFOPLIST_KEY_UIMainStoryboardFile = Main;
				INFOPLIST_KEY_UISupportedInterfaceOrientations_iPad = "UIInterfaceOrientationPortrait UIInterfaceOrientationPortraitUpsideDown UIInterfaceOrientationLandscapeLeft UIInterfaceOrientationLandscapeRight";
				INFOPLIST_KEY_UISupportedInterfaceOrientations_iPhone = "UIInterfaceOrientationPortrait UIInterfaceOrientationLandscapeLeft UIInterfaceOrientationLandscapeRight";
				LD_RUNPATH_SEARCH_PATHS = (
					"$(inherited)",
					"@executable_path/Frameworks",
				);
				MARKETING_VERSION = 1.0;
				PRODUCT_BUNDLE_IDENTIFIER = com.develop.chanho.TravelMaker;
				PRODUCT_NAME = "$(TARGET_NAME)";
				SWIFT_EMIT_LOC_STRINGS = YES;
				SWIFT_VERSION = 5.0;
				TARGETED_DEVICE_FAMILY = "1,2";
			};
			name = Release;
		};
/* End XCBuildConfiguration section */

/* Begin XCConfigurationList section */
		09D7B1742AAAFE9100991841 /* Build configuration list for PBXProject "TravelMaker" */ = {
			isa = XCConfigurationList;
			buildConfigurations = (
				09D7B18B2AAAFE9200991841 /* Debug */,
				09D7B18C2AAAFE9200991841 /* Release */,
			);
			defaultConfigurationIsVisible = 0;
			defaultConfigurationName = Release;
		};
		09D7B18D2AAAFE9200991841 /* Build configuration list for PBXNativeTarget "TravelMaker" */ = {
			isa = XCConfigurationList;
			buildConfigurations = (
				09D7B18E2AAAFE9200991841 /* Debug */,
				09D7B18F2AAAFE9200991841 /* Release */,
			);
			defaultConfigurationIsVisible = 0;
			defaultConfigurationName = Release;
		};
/* End XCConfigurationList section */

/* Begin XCRemoteSwiftPackageReference section */
		09A83EDA2AAE94CE0082A6A2 /* XCRemoteSwiftPackageReference "FlexLayout" */ = {
			isa = XCRemoteSwiftPackageReference;
			repositoryURL = "https://github.com/layoutBox/FlexLayout.git";
			requirement = {
				kind = upToNextMajorVersion;
				minimumVersion = 1.3.18;
			};
		};
		09A83EE12AAE95330082A6A2 /* XCRemoteSwiftPackageReference "PinLayout" */ = {
			isa = XCRemoteSwiftPackageReference;
			repositoryURL = "https://github.com/layoutBox/PinLayout";
			requirement = {
				kind = upToNextMajorVersion;
				minimumVersion = 1.0.0;
			};
		};
		09A83F132AAF05060082A6A2 /* XCRemoteSwiftPackageReference "Moya" */ = {
			isa = XCRemoteSwiftPackageReference;
			repositoryURL = "https://github.com/Moya/Moya.git";
			requirement = {
				kind = upToNextMajorVersion;
				minimumVersion = 15.0.0;
			};
		};
/* End XCRemoteSwiftPackageReference section */

/* Begin XCSwiftPackageProductDependency section */
		09A83EDB2AAE94CE0082A6A2 /* FlexLayout */ = {
			isa = XCSwiftPackageProductDependency;
			package = 09A83EDA2AAE94CE0082A6A2 /* XCRemoteSwiftPackageReference "FlexLayout" */;
			productName = FlexLayout;
		};
		09A83EDD2AAE94CE0082A6A2 /* FlexLayoutYoga */ = {
			isa = XCSwiftPackageProductDependency;
			package = 09A83EDA2AAE94CE0082A6A2 /* XCRemoteSwiftPackageReference "FlexLayout" */;
			productName = FlexLayoutYoga;
		};
		09A83EDF2AAE94CE0082A6A2 /* FlexLayoutYogaKit */ = {
			isa = XCSwiftPackageProductDependency;
			package = 09A83EDA2AAE94CE0082A6A2 /* XCRemoteSwiftPackageReference "FlexLayout" */;
			productName = FlexLayoutYogaKit;
		};
		09A83EE22AAE95330082A6A2 /* PinLayout */ = {
			isa = XCSwiftPackageProductDependency;
			package = 09A83EE12AAE95330082A6A2 /* XCRemoteSwiftPackageReference "PinLayout" */;
			productName = PinLayout;
		};
		09A83F142AAF05060082A6A2 /* CombineMoya */ = {
			isa = XCSwiftPackageProductDependency;
			package = 09A83F132AAF05060082A6A2 /* XCRemoteSwiftPackageReference "Moya" */;
			productName = CombineMoya;
		};
		09A83F162AAF05060082A6A2 /* Moya */ = {
			isa = XCSwiftPackageProductDependency;
			package = 09A83F132AAF05060082A6A2 /* XCRemoteSwiftPackageReference "Moya" */;
			productName = Moya;
		};
		09A83F182AAF05060082A6A2 /* ReactiveMoya */ = {
			isa = XCSwiftPackageProductDependency;
			package = 09A83F132AAF05060082A6A2 /* XCRemoteSwiftPackageReference "Moya" */;
			productName = ReactiveMoya;
		};
		09A83F1A2AAF05060082A6A2 /* RxMoya */ = {
			isa = XCSwiftPackageProductDependency;
			package = 09A83F132AAF05060082A6A2 /* XCRemoteSwiftPackageReference "Moya" */;
			productName = RxMoya;
		};
/* End XCSwiftPackageProductDependency section */
	};
	rootObject = 09D7B1712AAAFE9100991841 /* Project object */;
}
