// !$*UTF8*$!
{
	archiveVersion = 1;
	classes = {
	};
	objectVersion = 56;
	objects = {

/* Begin PBXBuildFile section */
		0868D6DF2B176C9F00094464 /* WithdrawalView.swift in Sources */ = {isa = PBXBuildFile; fileRef = 0868D6DD2B176C9F00094464 /* WithdrawalView.swift */; };
		0868D6E02B176C9F00094464 /* WithdrawalView.xib in Resources */ = {isa = PBXBuildFile; fileRef = 0868D6DE2B176C9F00094464 /* WithdrawalView.xib */; };
		0868D6E32B176D3900094464 /* CommonHeader.swift in Sources */ = {isa = PBXBuildFile; fileRef = 0868D6E22B176D3900094464 /* CommonHeader.swift */; };
		0868D6E52B176D7600094464 /* UIView+Extension.swift in Sources */ = {isa = PBXBuildFile; fileRef = 0868D6E42B176D7600094464 /* UIView+Extension.swift */; };
		0868D6E82B176DEA00094464 /* BasicButtonBuilder.swift in Sources */ = {isa = PBXBuildFile; fileRef = 0868D6E72B176DEA00094464 /* BasicButtonBuilder.swift */; };
		0868D6EC2B176EEE00094464 /* QuestionCell.swift in Sources */ = {isa = PBXBuildFile; fileRef = 0868D6EA2B176EEE00094464 /* QuestionCell.swift */; };
		0868D6ED2B176EEE00094464 /* QuestionCell.xib in Resources */ = {isa = PBXBuildFile; fileRef = 0868D6EB2B176EEE00094464 /* QuestionCell.xib */; };
		0868D6F12B176F5500094464 /* WithdrawalViewModel.swift in Sources */ = {isa = PBXBuildFile; fileRef = 0868D6F02B176F5500094464 /* WithdrawalViewModel.swift */; };
		0868D6F42B176F6D00094464 /* WithdrawalModel.swift in Sources */ = {isa = PBXBuildFile; fileRef = 0868D6F32B176F6C00094464 /* WithdrawalModel.swift */; };
		08A0ACF12B0F79210082161F /* MyRecommendListView.swift in Sources */ = {isa = PBXBuildFile; fileRef = 08A0ACEF2B0F79200082161F /* MyRecommendListView.swift */; };
		08A0ACF22B0F79210082161F /* MyRecommendListView.xib in Resources */ = {isa = PBXBuildFile; fileRef = 08A0ACF02B0F79200082161F /* MyRecommendListView.xib */; };
		08A0ACF62B0F7A5C0082161F /* MyRecommendCollectionViewCell.swift in Sources */ = {isa = PBXBuildFile; fileRef = 08A0ACF42B0F7A5C0082161F /* MyRecommendCollectionViewCell.swift */; };
		08A0ACF72B0F7A5C0082161F /* MyRecommendCollectionViewCell.xib in Resources */ = {isa = PBXBuildFile; fileRef = 08A0ACF52B0F7A5C0082161F /* MyRecommendCollectionViewCell.xib */; };
		08A6AF4C2B0A2E520045EAFA /* RxGesture in Frameworks */ = {isa = PBXBuildFile; productRef = 08A6AF4B2B0A2E520045EAFA /* RxGesture */; };
		08A6AF512B0A319D0045EAFA /* SearchRouteView.swift in Sources */ = {isa = PBXBuildFile; fileRef = 08A6AF4F2B0A319D0045EAFA /* SearchRouteView.swift */; };
		08A6AF522B0A319D0045EAFA /* SearchRouteView.xib in Resources */ = {isa = PBXBuildFile; fileRef = 08A6AF502B0A319D0045EAFA /* SearchRouteView.xib */; };
		08A6AF552B0A32240045EAFA /* SearchRouteViewReactor.swift in Sources */ = {isa = PBXBuildFile; fileRef = 08A6AF542B0A32240045EAFA /* SearchRouteViewReactor.swift */; };
		08A6AF582B0A33710045EAFA /* SearchRouteCell.swift in Sources */ = {isa = PBXBuildFile; fileRef = 08A6AF572B0A33710045EAFA /* SearchRouteCell.swift */; };
		08A6AF5B2B0A33C00045EAFA /* SearchRouteModel.swift in Sources */ = {isa = PBXBuildFile; fileRef = 08A6AF5A2B0A33C00045EAFA /* SearchRouteModel.swift */; };
		08A6AF5E2B0A390F0045EAFA /* SearchRouteSelectView.swift in Sources */ = {isa = PBXBuildFile; fileRef = 08A6AF5C2B0A390F0045EAFA /* SearchRouteSelectView.swift */; };
		08A6AF5F2B0A390F0045EAFA /* SearchRouteSelectView.xib in Resources */ = {isa = PBXBuildFile; fileRef = 08A6AF5D2B0A390F0045EAFA /* SearchRouteSelectView.xib */; };
		08A6AF622B0A39690045EAFA /* SearchRouteViewModel.swift in Sources */ = {isa = PBXBuildFile; fileRef = 08A6AF612B0A39690045EAFA /* SearchRouteViewModel.swift */; };
		08FA16712AFBAA6600E9C452 /* RegisterRouteView.swift in Sources */ = {isa = PBXBuildFile; fileRef = 08FA166F2AFBAA6600E9C452 /* RegisterRouteView.swift */; };
		08FA16722AFBAA6600E9C452 /* RegisterRouteView.xib in Resources */ = {isa = PBXBuildFile; fileRef = 08FA16702AFBAA6600E9C452 /* RegisterRouteView.xib */; };
		08FF473F2B1336FA00B0D6AB /* UIApplication+Extension.swift in Sources */ = {isa = PBXBuildFile; fileRef = 08FF473E2B1336FA00B0D6AB /* UIApplication+Extension.swift */; };
		08FF47412B13472E00B0D6AB /* BaseWhiteView.swift in Sources */ = {isa = PBXBuildFile; fileRef = 08FF47402B13472E00B0D6AB /* BaseWhiteView.swift */; };
		090FB9EB2ADE553D005081F8 /* SearchSpaceSelectView.swift in Sources */ = {isa = PBXBuildFile; fileRef = 090FB9E92ADE553D005081F8 /* SearchSpaceSelectView.swift */; };
		090FB9EC2ADE553D005081F8 /* SearchSpaceSelectView.xib in Resources */ = {isa = PBXBuildFile; fileRef = 090FB9EA2ADE553D005081F8 /* SearchSpaceSelectView.xib */; };
		090FB9EE2ADE5B48005081F8 /* UIImage+Extension.swift in Sources */ = {isa = PBXBuildFile; fileRef = 090FB9ED2ADE5B48005081F8 /* UIImage+Extension.swift */; };
		090FB9F22ADE7985005081F8 /* AroundMeCustomView.swift in Sources */ = {isa = PBXBuildFile; fileRef = 090FB9F12ADE7985005081F8 /* AroundMeCustomView.swift */; };
		09112BF22AE8A8EE001AFDC6 /* AroundMeRecordCustomView.swift in Sources */ = {isa = PBXBuildFile; fileRef = 09112BF12AE8A8EE001AFDC6 /* AroundMeRecordCustomView.swift */; };
		09112BF52AE8D6D5001AFDC6 /* PaddingLabel.swift in Sources */ = {isa = PBXBuildFile; fileRef = 09112BF42AE8D6D5001AFDC6 /* PaddingLabel.swift */; };
		0914EF7B2AF4AD12008F1E5B /* MyRouteView.swift in Sources */ = {isa = PBXBuildFile; fileRef = 0914EF792AF4AD12008F1E5B /* MyRouteView.swift */; };
		0914EF7C2AF4AD12008F1E5B /* MyRouteView.xib in Resources */ = {isa = PBXBuildFile; fileRef = 0914EF7A2AF4AD12008F1E5B /* MyRouteView.xib */; };
		0914EF802AF4B246008F1E5B /* MyRouteCollectionViewCell.swift in Sources */ = {isa = PBXBuildFile; fileRef = 0914EF7E2AF4B246008F1E5B /* MyRouteCollectionViewCell.swift */; };
		0914EF812AF4B246008F1E5B /* MyRouteCollectionViewCell.xib in Resources */ = {isa = PBXBuildFile; fileRef = 0914EF7F2AF4B246008F1E5B /* MyRouteCollectionViewCell.xib */; };
		091B19A42AD4E732009A6AF1 /* RegisterNearMe.swift in Sources */ = {isa = PBXBuildFile; fileRef = 091B19A22AD4E732009A6AF1 /* RegisterNearMe.swift */; };
		091B19A52AD4E732009A6AF1 /* RegisterNearMe.xib in Resources */ = {isa = PBXBuildFile; fileRef = 091B19A32AD4E732009A6AF1 /* RegisterNearMe.xib */; };
		091D5F2D2AB1391900D58FA2 /* SocialLoginManager.swift in Sources */ = {isa = PBXBuildFile; fileRef = 091D5F2C2AB1391900D58FA2 /* SocialLoginManager.swift */; };
		091D5F2F2AB13AF700D58FA2 /* NaverLoginModel.swift in Sources */ = {isa = PBXBuildFile; fileRef = 091D5F2E2AB13AF700D58FA2 /* NaverLoginModel.swift */; };
		091D5F322AB1551B00D58FA2 /* KakaoSDK in Frameworks */ = {isa = PBXBuildFile; productRef = 091D5F312AB1551B00D58FA2 /* KakaoSDK */; };
		091D5F342AB1551B00D58FA2 /* KakaoSDKAuth in Frameworks */ = {isa = PBXBuildFile; productRef = 091D5F332AB1551B00D58FA2 /* KakaoSDKAuth */; };
		091D5F362AB1551B00D58FA2 /* KakaoSDKNavi in Frameworks */ = {isa = PBXBuildFile; productRef = 091D5F352AB1551B00D58FA2 /* KakaoSDKNavi */; };
		091D5F382AB1551B00D58FA2 /* KakaoSDKShare in Frameworks */ = {isa = PBXBuildFile; productRef = 091D5F372AB1551B00D58FA2 /* KakaoSDKShare */; };
		091D5F3A2AB1551B00D58FA2 /* KakaoSDKTalk in Frameworks */ = {isa = PBXBuildFile; productRef = 091D5F392AB1551B00D58FA2 /* KakaoSDKTalk */; };
		091D5F3C2AB1551B00D58FA2 /* KakaoSDKTemplate in Frameworks */ = {isa = PBXBuildFile; productRef = 091D5F3B2AB1551B00D58FA2 /* KakaoSDKTemplate */; };
		091D5F3E2AB1551B00D58FA2 /* KakaoSDKUser in Frameworks */ = {isa = PBXBuildFile; productRef = 091D5F3D2AB1551B00D58FA2 /* KakaoSDKUser */; };
		091D5F452AB17F8C00D58FA2 /* MyPageView.swift in Sources */ = {isa = PBXBuildFile; fileRef = 091D5F432AB17F8C00D58FA2 /* MyPageView.swift */; };
		091D5F462AB17F8C00D58FA2 /* MyPageView.xib in Resources */ = {isa = PBXBuildFile; fileRef = 091D5F442AB17F8C00D58FA2 /* MyPageView.xib */; };
		091D5F4B2AB18A0B00D58FA2 /* MyCollectionView.swift in Sources */ = {isa = PBXBuildFile; fileRef = 091D5F492AB18A0B00D58FA2 /* MyCollectionView.swift */; };
		091D5F4C2AB18A0B00D58FA2 /* MyCollectionView.xib in Resources */ = {isa = PBXBuildFile; fileRef = 091D5F4A2AB18A0B00D58FA2 /* MyCollectionView.xib */; };
		09317F0C2AEF2AEF0030EAC5 /* AroundDetailView.swift in Sources */ = {isa = PBXBuildFile; fileRef = 09317F0A2AEF2AEF0030EAC5 /* AroundDetailView.swift */; };
		09317F0D2AEF2AEF0030EAC5 /* AroundDetailView.xib in Resources */ = {isa = PBXBuildFile; fileRef = 09317F0B2AEF2AEF0030EAC5 /* AroundDetailView.xib */; };
		09317F102AEF47E50030EAC5 /* KFSource.swift in Sources */ = {isa = PBXBuildFile; fileRef = 09317F0F2AEF47E50030EAC5 /* KFSource.swift */; };
		09591B7B2AAFE77800A3F0D6 /* SignUpView.swift in Sources */ = {isa = PBXBuildFile; fileRef = 09591B792AAFE77800A3F0D6 /* SignUpView.swift */; };
		09591B7C2AAFE77800A3F0D6 /* SignUpView.xib in Resources */ = {isa = PBXBuildFile; fileRef = 09591B7A2AAFE77800A3F0D6 /* SignUpView.xib */; };
		09591B802AAFF44F00A3F0D6 /* UITextField+Extension.swift in Sources */ = {isa = PBXBuildFile; fileRef = 09591B7F2AAFF44F00A3F0D6 /* UITextField+Extension.swift */; };
		09591B832AB003AF00A3F0D6 /* RxCocoa in Frameworks */ = {isa = PBXBuildFile; productRef = 09591B822AB003AF00A3F0D6 /* RxCocoa */; };
		09591B852AB003AF00A3F0D6 /* RxRelay in Frameworks */ = {isa = PBXBuildFile; productRef = 09591B842AB003AF00A3F0D6 /* RxRelay */; };
		09591B872AB003AF00A3F0D6 /* RxSwift in Frameworks */ = {isa = PBXBuildFile; productRef = 09591B862AB003AF00A3F0D6 /* RxSwift */; };
		09591B8E2AB020F600A3F0D6 /* BaseViewController.swift in Sources */ = {isa = PBXBuildFile; fileRef = 09591B8D2AB020F600A3F0D6 /* BaseViewController.swift */; };
		09591B912AB0296800A3F0D6 /* SignUpModel.swift in Sources */ = {isa = PBXBuildFile; fileRef = 09591B902AB0296800A3F0D6 /* SignUpModel.swift */; };
		09591B952AB0305A00A3F0D6 /* OnboardingView.swift in Sources */ = {isa = PBXBuildFile; fileRef = 09591B932AB0305A00A3F0D6 /* OnboardingView.swift */; };
		09591B962AB0305A00A3F0D6 /* OnboardingView.xib in Resources */ = {isa = PBXBuildFile; fileRef = 09591B942AB0305A00A3F0D6 /* OnboardingView.xib */; };
		09591B9B2AB033C800A3F0D6 /* OnboardingCell.swift in Sources */ = {isa = PBXBuildFile; fileRef = 09591B992AB033C800A3F0D6 /* OnboardingCell.swift */; };
		09591B9C2AB033C800A3F0D6 /* OnboardingCell.xib in Resources */ = {isa = PBXBuildFile; fileRef = 09591B9A2AB033C800A3F0D6 /* OnboardingCell.xib */; };
		09591BA32AB04CC500A3F0D6 /* UserDefaultManager.swift in Sources */ = {isa = PBXBuildFile; fileRef = 09591BA22AB04CC500A3F0D6 /* UserDefaultManager.swift */; };
		09591BA62AB0588F00A3F0D6 /* ColorConstants.swift in Sources */ = {isa = PBXBuildFile; fileRef = 09591BA52AB0588F00A3F0D6 /* ColorConstants.swift */; };
		0960FF952AE607E2004D9068 /* UINavigationController+Extension.swift in Sources */ = {isa = PBXBuildFile; fileRef = 0960FF942AE607E2004D9068 /* UINavigationController+Extension.swift */; };
		0960FF982AE60DF6004D9068 /* SearchSpaceViewModel.swift in Sources */ = {isa = PBXBuildFile; fileRef = 0960FF972AE60DF6004D9068 /* SearchSpaceViewModel.swift */; };
		0960FF9A2AE63187004D9068 /* FileUploadRepository.swift in Sources */ = {isa = PBXBuildFile; fileRef = 0960FF992AE63187004D9068 /* FileUploadRepository.swift */; };
		0960FF9F2AE6321D004D9068 /* RequestRegisterNearMeModel.swift in Sources */ = {isa = PBXBuildFile; fileRef = 0960FF9E2AE6321D004D9068 /* RequestRegisterNearMeModel.swift */; };
		0960FFA22AE64979004D9068 /* ResponseRegisterNearMeModel.swift in Sources */ = {isa = PBXBuildFile; fileRef = 0960FFA12AE64979004D9068 /* ResponseRegisterNearMeModel.swift */; };
		0986BCC32AF364D100987836 /* RecommendSelectView.swift in Sources */ = {isa = PBXBuildFile; fileRef = 0986BCC22AF364D100987836 /* RecommendSelectView.swift */; };
		099EE9BA2ADD140F000F0BBE /* LocationManager.swift in Sources */ = {isa = PBXBuildFile; fileRef = 099EE9B92ADD140F000F0BBE /* LocationManager.swift */; };
		099EE9BD2ADD14AC000F0BBE /* RxCoreLocation in Frameworks */ = {isa = PBXBuildFile; productRef = 099EE9BC2ADD14AC000F0BBE /* RxCoreLocation */; };
		09A565122AE75DC6003DF90B /* AroundViewReactor.swift in Sources */ = {isa = PBXBuildFile; fileRef = 09A565112AE75DC6003DF90B /* AroundViewReactor.swift */; };
		09A565152AE76061003DF90B /* ResponseAroundModel.swift in Sources */ = {isa = PBXBuildFile; fileRef = 09A565142AE76061003DF90B /* ResponseAroundModel.swift */; };
		09A6E7942AF2142C0033152E /* RecommendCollectionViewCell.swift in Sources */ = {isa = PBXBuildFile; fileRef = 09A6E7932AF2142C0033152E /* RecommendCollectionViewCell.swift */; };
		09A83EDC2AAE94CE0082A6A2 /* FlexLayout in Frameworks */ = {isa = PBXBuildFile; productRef = 09A83EDB2AAE94CE0082A6A2 /* FlexLayout */; };
		09A83EDE2AAE94CE0082A6A2 /* FlexLayoutYoga in Frameworks */ = {isa = PBXBuildFile; productRef = 09A83EDD2AAE94CE0082A6A2 /* FlexLayoutYoga */; };
		09A83EE02AAE94CE0082A6A2 /* FlexLayoutYogaKit in Frameworks */ = {isa = PBXBuildFile; productRef = 09A83EDF2AAE94CE0082A6A2 /* FlexLayoutYogaKit */; };
		09A83EE32AAE95330082A6A2 /* PinLayout in Frameworks */ = {isa = PBXBuildFile; productRef = 09A83EE22AAE95330082A6A2 /* PinLayout */; };
		09A83EEA2AAE9C9B0082A6A2 /* RecommendView.swift in Sources */ = {isa = PBXBuildFile; fileRef = 09A83EE82AAE9C9B0082A6A2 /* RecommendView.swift */; };
		09A83EEB2AAE9C9B0082A6A2 /* RecommendView.xib in Resources */ = {isa = PBXBuildFile; fileRef = 09A83EE92AAE9C9B0082A6A2 /* RecommendView.xib */; };
		09A83EEF2AAE9D210082A6A2 /* AroundView.swift in Sources */ = {isa = PBXBuildFile; fileRef = 09A83EED2AAE9D210082A6A2 /* AroundView.swift */; };
		09A83EF02AAE9D210082A6A2 /* AroundView.xib in Resources */ = {isa = PBXBuildFile; fileRef = 09A83EEE2AAE9D210082A6A2 /* AroundView.xib */; };
		09A83EF42AAEAB620082A6A2 /* LoginView.swift in Sources */ = {isa = PBXBuildFile; fileRef = 09A83EF22AAEAB620082A6A2 /* LoginView.swift */; };
		09A83EF52AAEAB620082A6A2 /* LoginView.xib in Resources */ = {isa = PBXBuildFile; fileRef = 09A83EF32AAEAB620082A6A2 /* LoginView.xib */; };
		09A83F072AAEE8AF0082A6A2 /* SUIT-Thin.otf in Resources */ = {isa = PBXBuildFile; fileRef = 09A83EFE2AAEE8AE0082A6A2 /* SUIT-Thin.otf */; };
		09A83F082AAEE8AF0082A6A2 /* SUIT-ExtraBold.otf in Resources */ = {isa = PBXBuildFile; fileRef = 09A83EFF2AAEE8AF0082A6A2 /* SUIT-ExtraBold.otf */; };
		09A83F092AAEE8AF0082A6A2 /* SUIT-ExtraLight.otf in Resources */ = {isa = PBXBuildFile; fileRef = 09A83F002AAEE8AF0082A6A2 /* SUIT-ExtraLight.otf */; };
		09A83F0A2AAEE8AF0082A6A2 /* SUIT-Light.otf in Resources */ = {isa = PBXBuildFile; fileRef = 09A83F012AAEE8AF0082A6A2 /* SUIT-Light.otf */; };
		09A83F0B2AAEE8AF0082A6A2 /* SUIT-Medium.otf in Resources */ = {isa = PBXBuildFile; fileRef = 09A83F022AAEE8AF0082A6A2 /* SUIT-Medium.otf */; };
		09A83F0C2AAEE8AF0082A6A2 /* SUIT-Heavy.otf in Resources */ = {isa = PBXBuildFile; fileRef = 09A83F032AAEE8AF0082A6A2 /* SUIT-Heavy.otf */; };
		09A83F0D2AAEE8AF0082A6A2 /* SUIT-SemiBold.otf in Resources */ = {isa = PBXBuildFile; fileRef = 09A83F042AAEE8AF0082A6A2 /* SUIT-SemiBold.otf */; };
		09A83F0E2AAEE8AF0082A6A2 /* SUIT-Regular.otf in Resources */ = {isa = PBXBuildFile; fileRef = 09A83F052AAEE8AF0082A6A2 /* SUIT-Regular.otf */; };
		09A83F0F2AAEE8AF0082A6A2 /* SUIT-Bold.otf in Resources */ = {isa = PBXBuildFile; fileRef = 09A83F062AAEE8AF0082A6A2 /* SUIT-Bold.otf */; };
		09A83F122AAF04940082A6A2 /* UsersApi.swift in Sources */ = {isa = PBXBuildFile; fileRef = 09A83F112AAF04940082A6A2 /* UsersApi.swift */; };
		09A83F152AAF05060082A6A2 /* CombineMoya in Frameworks */ = {isa = PBXBuildFile; productRef = 09A83F142AAF05060082A6A2 /* CombineMoya */; };
		09A83F172AAF05060082A6A2 /* Moya in Frameworks */ = {isa = PBXBuildFile; productRef = 09A83F162AAF05060082A6A2 /* Moya */; };
		09A83F192AAF05060082A6A2 /* ReactiveMoya in Frameworks */ = {isa = PBXBuildFile; productRef = 09A83F182AAF05060082A6A2 /* ReactiveMoya */; };
		09A83F1B2AAF05060082A6A2 /* RxMoya in Frameworks */ = {isa = PBXBuildFile; productRef = 09A83F1A2AAF05060082A6A2 /* RxMoya */; };
		09A83F1E2AAF05DB0082A6A2 /* Apis.swift in Sources */ = {isa = PBXBuildFile; fileRef = 09A83F1D2AAF05DB0082A6A2 /* Apis.swift */; };
		09A83F212AAF09290082A6A2 /* SessionManager.swift in Sources */ = {isa = PBXBuildFile; fileRef = 09A83F202AAF09290082A6A2 /* SessionManager.swift */; };
		09A83F242AAF0A410082A6A2 /* LoginModel.swift in Sources */ = {isa = PBXBuildFile; fileRef = 09A83F232AAF0A410082A6A2 /* LoginModel.swift */; };
		09A83F262AAF0B0E0082A6A2 /* NetworkWrapper.swift in Sources */ = {isa = PBXBuildFile; fileRef = 09A83F252AAF0B0E0082A6A2 /* NetworkWrapper.swift */; };
		09A83F282AAF0C600082A6A2 /* CustomPlugin.swift in Sources */ = {isa = PBXBuildFile; fileRef = 09A83F272AAF0C600082A6A2 /* CustomPlugin.swift */; };
		09B318462AD658BB0060CF20 /* Cosmos in Frameworks */ = {isa = PBXBuildFile; productRef = 09B318452AD658BB0060CF20 /* Cosmos */; };
		09B318492AD667420060CF20 /* Utils.swift in Sources */ = {isa = PBXBuildFile; fileRef = 09B318482AD667410060CF20 /* Utils.swift */; };
		09BF582E2AD7883600DCF822 /* YPImagePicker in Frameworks */ = {isa = PBXBuildFile; productRef = 09BF582D2AD7883600DCF822 /* YPImagePicker */; };
		09BF58312AD78F5C00DCF822 /* Kingfisher in Frameworks */ = {isa = PBXBuildFile; productRef = 09BF58302AD78F5C00DCF822 /* Kingfisher */; };
		09BF583E2AD7E07600DCF822 /* SearchSpaceView.swift in Sources */ = {isa = PBXBuildFile; fileRef = 09BF583C2AD7E07600DCF822 /* SearchSpaceView.swift */; };
		09BF583F2AD7E07600DCF822 /* SearchSpaceView.xib in Resources */ = {isa = PBXBuildFile; fileRef = 09BF583D2AD7E07600DCF822 /* SearchSpaceView.xib */; };
		09C4BA722AD8E0B500BE8376 /* SearchSpaceCell.swift in Sources */ = {isa = PBXBuildFile; fileRef = 09C4BA712AD8E0B500BE8376 /* SearchSpaceCell.swift */; };
		09C4BA752AD8E12200BE8376 /* SearchSpaceViewReactor.swift in Sources */ = {isa = PBXBuildFile; fileRef = 09C4BA742AD8E12200BE8376 /* SearchSpaceViewReactor.swift */; };
		09C4BA782AD9059300BE8376 /* ReactorKit in Frameworks */ = {isa = PBXBuildFile; productRef = 09C4BA772AD9059300BE8376 /* ReactorKit */; };
		09C4BA7F2AD9350100BE8376 /* SearchSpaceModel.swift in Sources */ = {isa = PBXBuildFile; fileRef = 09C4BA7E2AD9350100BE8376 /* SearchSpaceModel.swift */; };
		09CAB1532AD508230077B46F /* Then in Frameworks */ = {isa = PBXBuildFile; productRef = 09CAB1522AD508230077B46F /* Then */; };
		09CAB1562AD508820077B46F /* SnapKit in Frameworks */ = {isa = PBXBuildFile; productRef = 09CAB1552AD508820077B46F /* SnapKit */; };
		09CDB73C2AF0C1C700044CF2 /* PassThroughView.swift in Sources */ = {isa = PBXBuildFile; fileRef = 09CDB73B2AF0C1C700044CF2 /* PassThroughView.swift */; };
		09CDB73E2AF0C20300044CF2 /* BottomSheetView.swift in Sources */ = {isa = PBXBuildFile; fileRef = 09CDB73D2AF0C20300044CF2 /* BottomSheetView.swift */; };
		09CDB7402AF0D76E00044CF2 /* AsyncNetworkManager.swift in Sources */ = {isa = PBXBuildFile; fileRef = 09CDB73F2AF0D76E00044CF2 /* AsyncNetworkManager.swift */; };
		09CDB7432AF0DA2A00044CF2 /* ErrorHandling.swift in Sources */ = {isa = PBXBuildFile; fileRef = 09CDB7422AF0DA2A00044CF2 /* ErrorHandling.swift */; };
		09CDB7462AF0DE1600044CF2 /* ResponseRecommendALLModel.swift in Sources */ = {isa = PBXBuildFile; fileRef = 09CDB7452AF0DE1600044CF2 /* ResponseRecommendALLModel.swift */; };
		09D7B17D2AAAFE9100991841 /* AppDelegate.swift in Sources */ = {isa = PBXBuildFile; fileRef = 09D7B17C2AAAFE9100991841 /* AppDelegate.swift */; };
		09D7B17F2AAAFE9100991841 /* SceneDelegate.swift in Sources */ = {isa = PBXBuildFile; fileRef = 09D7B17E2AAAFE9100991841 /* SceneDelegate.swift */; };
		09D7B1812AAAFE9100991841 /* TabBarViewController.swift in Sources */ = {isa = PBXBuildFile; fileRef = 09D7B1802AAAFE9100991841 /* TabBarViewController.swift */; };
		09D7B1842AAAFE9100991841 /* Main.storyboard in Resources */ = {isa = PBXBuildFile; fileRef = 09D7B1822AAAFE9100991841 /* Main.storyboard */; };
		09D7B1862AAAFE9200991841 /* Assets.xcassets in Resources */ = {isa = PBXBuildFile; fileRef = 09D7B1852AAAFE9200991841 /* Assets.xcassets */; };
		09D7B1892AAAFE9200991841 /* LaunchScreen.storyboard in Resources */ = {isa = PBXBuildFile; fileRef = 09D7B1872AAAFE9200991841 /* LaunchScreen.storyboard */; };
		09F0DB9A2AB3F1C500207F0D /* MyPageModel.swift in Sources */ = {isa = PBXBuildFile; fileRef = 09F0DB992AB3F1C500207F0D /* MyPageModel.swift */; };
		09F0DB9D2AB412D500207F0D /* Constants.swift in Sources */ = {isa = PBXBuildFile; fileRef = 09F0DB9C2AB412D500207F0D /* Constants.swift */; };
		09F0DBA62AB4493100207F0D /* String+Extension.swift in Sources */ = {isa = PBXBuildFile; fileRef = 09F0DBA52AB4493100207F0D /* String+Extension.swift */; };
		2E999E17F8C54B0610DF36B4 /* Pods_TravelMaker.framework in Frameworks */ = {isa = PBXBuildFile; fileRef = F2940B7494B3F7E41A9AB72D /* Pods_TravelMaker.framework */; };
/* End PBXBuildFile section */

/* Begin PBXFileReference section */
		084B620A9339468BEB583C7C /* Pods-TravelMaker.release.xcconfig */ = {isa = PBXFileReference; includeInIndex = 1; lastKnownFileType = text.xcconfig; name = "Pods-TravelMaker.release.xcconfig"; path = "Target Support Files/Pods-TravelMaker/Pods-TravelMaker.release.xcconfig"; sourceTree = "<group>"; };
		0868D6DD2B176C9F00094464 /* WithdrawalView.swift */ = {isa = PBXFileReference; fileEncoding = 4; lastKnownFileType = sourcecode.swift; path = WithdrawalView.swift; sourceTree = "<group>"; };
		0868D6DE2B176C9F00094464 /* WithdrawalView.xib */ = {isa = PBXFileReference; fileEncoding = 4; lastKnownFileType = file.xib; path = WithdrawalView.xib; sourceTree = "<group>"; };
		0868D6E22B176D3900094464 /* CommonHeader.swift */ = {isa = PBXFileReference; lastKnownFileType = sourcecode.swift; path = CommonHeader.swift; sourceTree = "<group>"; };
		0868D6E42B176D7600094464 /* UIView+Extension.swift */ = {isa = PBXFileReference; lastKnownFileType = sourcecode.swift; path = "UIView+Extension.swift"; sourceTree = "<group>"; };
		0868D6E72B176DEA00094464 /* BasicButtonBuilder.swift */ = {isa = PBXFileReference; lastKnownFileType = sourcecode.swift; path = BasicButtonBuilder.swift; sourceTree = "<group>"; };
		0868D6EA2B176EEE00094464 /* QuestionCell.swift */ = {isa = PBXFileReference; fileEncoding = 4; lastKnownFileType = sourcecode.swift; path = QuestionCell.swift; sourceTree = "<group>"; };
		0868D6EB2B176EEE00094464 /* QuestionCell.xib */ = {isa = PBXFileReference; fileEncoding = 4; lastKnownFileType = file.xib; path = QuestionCell.xib; sourceTree = "<group>"; };
		0868D6F02B176F5500094464 /* WithdrawalViewModel.swift */ = {isa = PBXFileReference; fileEncoding = 4; lastKnownFileType = sourcecode.swift; path = WithdrawalViewModel.swift; sourceTree = "<group>"; };
		0868D6F32B176F6C00094464 /* WithdrawalModel.swift */ = {isa = PBXFileReference; fileEncoding = 4; lastKnownFileType = sourcecode.swift; path = WithdrawalModel.swift; sourceTree = "<group>"; };
		08A0ACEF2B0F79200082161F /* MyRecommendListView.swift */ = {isa = PBXFileReference; lastKnownFileType = sourcecode.swift; path = MyRecommendListView.swift; sourceTree = "<group>"; };
		08A0ACF02B0F79200082161F /* MyRecommendListView.xib */ = {isa = PBXFileReference; lastKnownFileType = file.xib; path = MyRecommendListView.xib; sourceTree = "<group>"; };
		08A0ACF42B0F7A5C0082161F /* MyRecommendCollectionViewCell.swift */ = {isa = PBXFileReference; lastKnownFileType = sourcecode.swift; path = MyRecommendCollectionViewCell.swift; sourceTree = "<group>"; };
		08A0ACF52B0F7A5C0082161F /* MyRecommendCollectionViewCell.xib */ = {isa = PBXFileReference; lastKnownFileType = file.xib; path = MyRecommendCollectionViewCell.xib; sourceTree = "<group>"; };
		08A6AF4F2B0A319D0045EAFA /* SearchRouteView.swift */ = {isa = PBXFileReference; lastKnownFileType = sourcecode.swift; path = SearchRouteView.swift; sourceTree = "<group>"; };
		08A6AF502B0A319D0045EAFA /* SearchRouteView.xib */ = {isa = PBXFileReference; lastKnownFileType = file.xib; path = SearchRouteView.xib; sourceTree = "<group>"; };
		08A6AF542B0A32240045EAFA /* SearchRouteViewReactor.swift */ = {isa = PBXFileReference; lastKnownFileType = sourcecode.swift; path = SearchRouteViewReactor.swift; sourceTree = "<group>"; };
		08A6AF572B0A33710045EAFA /* SearchRouteCell.swift */ = {isa = PBXFileReference; lastKnownFileType = sourcecode.swift; path = SearchRouteCell.swift; sourceTree = "<group>"; };
		08A6AF5A2B0A33C00045EAFA /* SearchRouteModel.swift */ = {isa = PBXFileReference; lastKnownFileType = sourcecode.swift; path = SearchRouteModel.swift; sourceTree = "<group>"; };
		08A6AF5C2B0A390F0045EAFA /* SearchRouteSelectView.swift */ = {isa = PBXFileReference; lastKnownFileType = sourcecode.swift; path = SearchRouteSelectView.swift; sourceTree = "<group>"; };
		08A6AF5D2B0A390F0045EAFA /* SearchRouteSelectView.xib */ = {isa = PBXFileReference; lastKnownFileType = file.xib; path = SearchRouteSelectView.xib; sourceTree = "<group>"; };
		08A6AF612B0A39690045EAFA /* SearchRouteViewModel.swift */ = {isa = PBXFileReference; lastKnownFileType = sourcecode.swift; path = SearchRouteViewModel.swift; sourceTree = "<group>"; };
		08FA166F2AFBAA6600E9C452 /* RegisterRouteView.swift */ = {isa = PBXFileReference; lastKnownFileType = sourcecode.swift; path = RegisterRouteView.swift; sourceTree = "<group>"; };
		08FA16702AFBAA6600E9C452 /* RegisterRouteView.xib */ = {isa = PBXFileReference; lastKnownFileType = file.xib; path = RegisterRouteView.xib; sourceTree = "<group>"; };
		08FF473E2B1336FA00B0D6AB /* UIApplication+Extension.swift */ = {isa = PBXFileReference; lastKnownFileType = sourcecode.swift; path = "UIApplication+Extension.swift"; sourceTree = "<group>"; };
		08FF47402B13472E00B0D6AB /* BaseWhiteView.swift */ = {isa = PBXFileReference; lastKnownFileType = sourcecode.swift; path = BaseWhiteView.swift; sourceTree = "<group>"; };
		090FB9E92ADE553D005081F8 /* SearchSpaceSelectView.swift */ = {isa = PBXFileReference; lastKnownFileType = sourcecode.swift; path = SearchSpaceSelectView.swift; sourceTree = "<group>"; };
		090FB9EA2ADE553D005081F8 /* SearchSpaceSelectView.xib */ = {isa = PBXFileReference; lastKnownFileType = file.xib; path = SearchSpaceSelectView.xib; sourceTree = "<group>"; };
		090FB9ED2ADE5B48005081F8 /* UIImage+Extension.swift */ = {isa = PBXFileReference; lastKnownFileType = sourcecode.swift; path = "UIImage+Extension.swift"; sourceTree = "<group>"; };
		090FB9F12ADE7985005081F8 /* AroundMeCustomView.swift */ = {isa = PBXFileReference; lastKnownFileType = sourcecode.swift; path = AroundMeCustomView.swift; sourceTree = "<group>"; };
		09112BF12AE8A8EE001AFDC6 /* AroundMeRecordCustomView.swift */ = {isa = PBXFileReference; lastKnownFileType = sourcecode.swift; path = AroundMeRecordCustomView.swift; sourceTree = "<group>"; };
		09112BF42AE8D6D5001AFDC6 /* PaddingLabel.swift */ = {isa = PBXFileReference; lastKnownFileType = sourcecode.swift; path = PaddingLabel.swift; sourceTree = "<group>"; };
		0914EF792AF4AD12008F1E5B /* MyRouteView.swift */ = {isa = PBXFileReference; lastKnownFileType = sourcecode.swift; path = MyRouteView.swift; sourceTree = "<group>"; };
		0914EF7A2AF4AD12008F1E5B /* MyRouteView.xib */ = {isa = PBXFileReference; lastKnownFileType = file.xib; path = MyRouteView.xib; sourceTree = "<group>"; };
		0914EF7E2AF4B246008F1E5B /* MyRouteCollectionViewCell.swift */ = {isa = PBXFileReference; lastKnownFileType = sourcecode.swift; path = MyRouteCollectionViewCell.swift; sourceTree = "<group>"; };
		0914EF7F2AF4B246008F1E5B /* MyRouteCollectionViewCell.xib */ = {isa = PBXFileReference; lastKnownFileType = file.xib; path = MyRouteCollectionViewCell.xib; sourceTree = "<group>"; };
		091B19A22AD4E732009A6AF1 /* RegisterNearMe.swift */ = {isa = PBXFileReference; lastKnownFileType = sourcecode.swift; path = RegisterNearMe.swift; sourceTree = "<group>"; };
		091B19A32AD4E732009A6AF1 /* RegisterNearMe.xib */ = {isa = PBXFileReference; lastKnownFileType = file.xib; path = RegisterNearMe.xib; sourceTree = "<group>"; };
		091D5F2C2AB1391900D58FA2 /* SocialLoginManager.swift */ = {isa = PBXFileReference; lastKnownFileType = sourcecode.swift; path = SocialLoginManager.swift; sourceTree = "<group>"; };
		091D5F2E2AB13AF700D58FA2 /* NaverLoginModel.swift */ = {isa = PBXFileReference; lastKnownFileType = sourcecode.swift; path = NaverLoginModel.swift; sourceTree = "<group>"; };
		091D5F3F2AB176F900D58FA2 /* TravelMaker.entitlements */ = {isa = PBXFileReference; lastKnownFileType = text.plist.entitlements; path = TravelMaker.entitlements; sourceTree = "<group>"; };
		091D5F432AB17F8C00D58FA2 /* MyPageView.swift */ = {isa = PBXFileReference; lastKnownFileType = sourcecode.swift; path = MyPageView.swift; sourceTree = "<group>"; };
		091D5F442AB17F8C00D58FA2 /* MyPageView.xib */ = {isa = PBXFileReference; lastKnownFileType = file.xib; path = MyPageView.xib; sourceTree = "<group>"; };
		091D5F492AB18A0B00D58FA2 /* MyCollectionView.swift */ = {isa = PBXFileReference; lastKnownFileType = sourcecode.swift; path = MyCollectionView.swift; sourceTree = "<group>"; };
		091D5F4A2AB18A0B00D58FA2 /* MyCollectionView.xib */ = {isa = PBXFileReference; lastKnownFileType = file.xib; path = MyCollectionView.xib; sourceTree = "<group>"; };
		09317F0A2AEF2AEF0030EAC5 /* AroundDetailView.swift */ = {isa = PBXFileReference; lastKnownFileType = sourcecode.swift; path = AroundDetailView.swift; sourceTree = "<group>"; };
		09317F0B2AEF2AEF0030EAC5 /* AroundDetailView.xib */ = {isa = PBXFileReference; lastKnownFileType = file.xib; path = AroundDetailView.xib; sourceTree = "<group>"; };
		09317F0F2AEF47E50030EAC5 /* KFSource.swift */ = {isa = PBXFileReference; lastKnownFileType = sourcecode.swift; path = KFSource.swift; sourceTree = "<group>"; };
		09591B792AAFE77800A3F0D6 /* SignUpView.swift */ = {isa = PBXFileReference; lastKnownFileType = sourcecode.swift; path = SignUpView.swift; sourceTree = "<group>"; };
		09591B7A2AAFE77800A3F0D6 /* SignUpView.xib */ = {isa = PBXFileReference; lastKnownFileType = file.xib; path = SignUpView.xib; sourceTree = "<group>"; };
		09591B7F2AAFF44F00A3F0D6 /* UITextField+Extension.swift */ = {isa = PBXFileReference; lastKnownFileType = sourcecode.swift; path = "UITextField+Extension.swift"; sourceTree = "<group>"; };
		09591B8D2AB020F600A3F0D6 /* BaseViewController.swift */ = {isa = PBXFileReference; lastKnownFileType = sourcecode.swift; path = BaseViewController.swift; sourceTree = "<group>"; };
		09591B902AB0296800A3F0D6 /* SignUpModel.swift */ = {isa = PBXFileReference; lastKnownFileType = sourcecode.swift; path = SignUpModel.swift; sourceTree = "<group>"; };
		09591B932AB0305A00A3F0D6 /* OnboardingView.swift */ = {isa = PBXFileReference; lastKnownFileType = sourcecode.swift; path = OnboardingView.swift; sourceTree = "<group>"; };
		09591B942AB0305A00A3F0D6 /* OnboardingView.xib */ = {isa = PBXFileReference; lastKnownFileType = file.xib; path = OnboardingView.xib; sourceTree = "<group>"; };
		09591B992AB033C800A3F0D6 /* OnboardingCell.swift */ = {isa = PBXFileReference; lastKnownFileType = sourcecode.swift; path = OnboardingCell.swift; sourceTree = "<group>"; };
		09591B9A2AB033C800A3F0D6 /* OnboardingCell.xib */ = {isa = PBXFileReference; lastKnownFileType = file.xib; path = OnboardingCell.xib; sourceTree = "<group>"; };
		09591BA22AB04CC500A3F0D6 /* UserDefaultManager.swift */ = {isa = PBXFileReference; lastKnownFileType = sourcecode.swift; path = UserDefaultManager.swift; sourceTree = "<group>"; };
		09591BA52AB0588F00A3F0D6 /* ColorConstants.swift */ = {isa = PBXFileReference; lastKnownFileType = sourcecode.swift; path = ColorConstants.swift; sourceTree = "<group>"; };
		0960FF942AE607E2004D9068 /* UINavigationController+Extension.swift */ = {isa = PBXFileReference; lastKnownFileType = sourcecode.swift; path = "UINavigationController+Extension.swift"; sourceTree = "<group>"; };
		0960FF972AE60DF6004D9068 /* SearchSpaceViewModel.swift */ = {isa = PBXFileReference; lastKnownFileType = sourcecode.swift; path = SearchSpaceViewModel.swift; sourceTree = "<group>"; };
		0960FF992AE63187004D9068 /* FileUploadRepository.swift */ = {isa = PBXFileReference; lastKnownFileType = sourcecode.swift; path = FileUploadRepository.swift; sourceTree = "<group>"; };
		0960FF9E2AE6321D004D9068 /* RequestRegisterNearMeModel.swift */ = {isa = PBXFileReference; lastKnownFileType = sourcecode.swift; path = RequestRegisterNearMeModel.swift; sourceTree = "<group>"; };
		0960FFA12AE64979004D9068 /* ResponseRegisterNearMeModel.swift */ = {isa = PBXFileReference; lastKnownFileType = sourcecode.swift; path = ResponseRegisterNearMeModel.swift; sourceTree = "<group>"; };
		0986BCC22AF364D100987836 /* RecommendSelectView.swift */ = {isa = PBXFileReference; lastKnownFileType = sourcecode.swift; path = RecommendSelectView.swift; sourceTree = "<group>"; };
		099EE9B92ADD140F000F0BBE /* LocationManager.swift */ = {isa = PBXFileReference; lastKnownFileType = sourcecode.swift; path = LocationManager.swift; sourceTree = "<group>"; };
		09A565112AE75DC6003DF90B /* AroundViewReactor.swift */ = {isa = PBXFileReference; lastKnownFileType = sourcecode.swift; path = AroundViewReactor.swift; sourceTree = "<group>"; };
		09A565142AE76061003DF90B /* ResponseAroundModel.swift */ = {isa = PBXFileReference; lastKnownFileType = sourcecode.swift; path = ResponseAroundModel.swift; sourceTree = "<group>"; };
		09A6E7932AF2142C0033152E /* RecommendCollectionViewCell.swift */ = {isa = PBXFileReference; lastKnownFileType = sourcecode.swift; path = RecommendCollectionViewCell.swift; sourceTree = "<group>"; };
		09A83EE82AAE9C9B0082A6A2 /* RecommendView.swift */ = {isa = PBXFileReference; lastKnownFileType = sourcecode.swift; path = RecommendView.swift; sourceTree = "<group>"; };
		09A83EE92AAE9C9B0082A6A2 /* RecommendView.xib */ = {isa = PBXFileReference; lastKnownFileType = file.xib; path = RecommendView.xib; sourceTree = "<group>"; };
		09A83EED2AAE9D210082A6A2 /* AroundView.swift */ = {isa = PBXFileReference; lastKnownFileType = sourcecode.swift; path = AroundView.swift; sourceTree = "<group>"; };
		09A83EEE2AAE9D210082A6A2 /* AroundView.xib */ = {isa = PBXFileReference; lastKnownFileType = file.xib; path = AroundView.xib; sourceTree = "<group>"; };
		09A83EF22AAEAB620082A6A2 /* LoginView.swift */ = {isa = PBXFileReference; lastKnownFileType = sourcecode.swift; path = LoginView.swift; sourceTree = "<group>"; };
		09A83EF32AAEAB620082A6A2 /* LoginView.xib */ = {isa = PBXFileReference; lastKnownFileType = file.xib; path = LoginView.xib; sourceTree = "<group>"; };
		09A83EFE2AAEE8AE0082A6A2 /* SUIT-Thin.otf */ = {isa = PBXFileReference; lastKnownFileType = file; path = "SUIT-Thin.otf"; sourceTree = "<group>"; };
		09A83EFF2AAEE8AF0082A6A2 /* SUIT-ExtraBold.otf */ = {isa = PBXFileReference; lastKnownFileType = file; path = "SUIT-ExtraBold.otf"; sourceTree = "<group>"; };
		09A83F002AAEE8AF0082A6A2 /* SUIT-ExtraLight.otf */ = {isa = PBXFileReference; lastKnownFileType = file; path = "SUIT-ExtraLight.otf"; sourceTree = "<group>"; };
		09A83F012AAEE8AF0082A6A2 /* SUIT-Light.otf */ = {isa = PBXFileReference; lastKnownFileType = file; path = "SUIT-Light.otf"; sourceTree = "<group>"; };
		09A83F022AAEE8AF0082A6A2 /* SUIT-Medium.otf */ = {isa = PBXFileReference; lastKnownFileType = file; path = "SUIT-Medium.otf"; sourceTree = "<group>"; };
		09A83F032AAEE8AF0082A6A2 /* SUIT-Heavy.otf */ = {isa = PBXFileReference; lastKnownFileType = file; path = "SUIT-Heavy.otf"; sourceTree = "<group>"; };
		09A83F042AAEE8AF0082A6A2 /* SUIT-SemiBold.otf */ = {isa = PBXFileReference; lastKnownFileType = file; path = "SUIT-SemiBold.otf"; sourceTree = "<group>"; };
		09A83F052AAEE8AF0082A6A2 /* SUIT-Regular.otf */ = {isa = PBXFileReference; lastKnownFileType = file; path = "SUIT-Regular.otf"; sourceTree = "<group>"; };
		09A83F062AAEE8AF0082A6A2 /* SUIT-Bold.otf */ = {isa = PBXFileReference; lastKnownFileType = file; path = "SUIT-Bold.otf"; sourceTree = "<group>"; };
		09A83F112AAF04940082A6A2 /* UsersApi.swift */ = {isa = PBXFileReference; lastKnownFileType = sourcecode.swift; path = UsersApi.swift; sourceTree = "<group>"; };
		09A83F1D2AAF05DB0082A6A2 /* Apis.swift */ = {isa = PBXFileReference; lastKnownFileType = sourcecode.swift; path = Apis.swift; sourceTree = "<group>"; };
		09A83F202AAF09290082A6A2 /* SessionManager.swift */ = {isa = PBXFileReference; lastKnownFileType = sourcecode.swift; path = SessionManager.swift; sourceTree = "<group>"; };
		09A83F232AAF0A410082A6A2 /* LoginModel.swift */ = {isa = PBXFileReference; lastKnownFileType = sourcecode.swift; path = LoginModel.swift; sourceTree = "<group>"; };
		09A83F252AAF0B0E0082A6A2 /* NetworkWrapper.swift */ = {isa = PBXFileReference; lastKnownFileType = sourcecode.swift; path = NetworkWrapper.swift; sourceTree = "<group>"; };
		09A83F272AAF0C600082A6A2 /* CustomPlugin.swift */ = {isa = PBXFileReference; lastKnownFileType = sourcecode.swift; path = CustomPlugin.swift; sourceTree = "<group>"; };
		09B318482AD667410060CF20 /* Utils.swift */ = {isa = PBXFileReference; lastKnownFileType = sourcecode.swift; path = Utils.swift; sourceTree = "<group>"; };
		09BF583C2AD7E07600DCF822 /* SearchSpaceView.swift */ = {isa = PBXFileReference; lastKnownFileType = sourcecode.swift; path = SearchSpaceView.swift; sourceTree = "<group>"; };
		09BF583D2AD7E07600DCF822 /* SearchSpaceView.xib */ = {isa = PBXFileReference; lastKnownFileType = file.xib; path = SearchSpaceView.xib; sourceTree = "<group>"; };
		09C4BA712AD8E0B500BE8376 /* SearchSpaceCell.swift */ = {isa = PBXFileReference; lastKnownFileType = sourcecode.swift; path = SearchSpaceCell.swift; sourceTree = "<group>"; };
		09C4BA742AD8E12200BE8376 /* SearchSpaceViewReactor.swift */ = {isa = PBXFileReference; lastKnownFileType = sourcecode.swift; path = SearchSpaceViewReactor.swift; sourceTree = "<group>"; };
		09C4BA7E2AD9350100BE8376 /* SearchSpaceModel.swift */ = {isa = PBXFileReference; lastKnownFileType = sourcecode.swift; path = SearchSpaceModel.swift; sourceTree = "<group>"; };
		09CDB73B2AF0C1C700044CF2 /* PassThroughView.swift */ = {isa = PBXFileReference; lastKnownFileType = sourcecode.swift; path = PassThroughView.swift; sourceTree = "<group>"; };
		09CDB73D2AF0C20300044CF2 /* BottomSheetView.swift */ = {isa = PBXFileReference; lastKnownFileType = sourcecode.swift; path = BottomSheetView.swift; sourceTree = "<group>"; };
		09CDB73F2AF0D76E00044CF2 /* AsyncNetworkManager.swift */ = {isa = PBXFileReference; lastKnownFileType = sourcecode.swift; path = AsyncNetworkManager.swift; sourceTree = "<group>"; };
		09CDB7422AF0DA2A00044CF2 /* ErrorHandling.swift */ = {isa = PBXFileReference; lastKnownFileType = sourcecode.swift; path = ErrorHandling.swift; sourceTree = "<group>"; };
		09CDB7452AF0DE1600044CF2 /* ResponseRecommendALLModel.swift */ = {isa = PBXFileReference; lastKnownFileType = sourcecode.swift; path = ResponseRecommendALLModel.swift; sourceTree = "<group>"; };
		09D7B1792AAAFE9100991841 /* TravelMaker.app */ = {isa = PBXFileReference; explicitFileType = wrapper.application; includeInIndex = 0; path = TravelMaker.app; sourceTree = BUILT_PRODUCTS_DIR; };
		09D7B17C2AAAFE9100991841 /* AppDelegate.swift */ = {isa = PBXFileReference; lastKnownFileType = sourcecode.swift; path = AppDelegate.swift; sourceTree = "<group>"; };
		09D7B17E2AAAFE9100991841 /* SceneDelegate.swift */ = {isa = PBXFileReference; lastKnownFileType = sourcecode.swift; path = SceneDelegate.swift; sourceTree = "<group>"; };
		09D7B1802AAAFE9100991841 /* TabBarViewController.swift */ = {isa = PBXFileReference; lastKnownFileType = sourcecode.swift; path = TabBarViewController.swift; sourceTree = "<group>"; };
		09D7B1832AAAFE9100991841 /* Base */ = {isa = PBXFileReference; lastKnownFileType = file.storyboard; name = Base; path = Base.lproj/Main.storyboard; sourceTree = "<group>"; };
		09D7B1852AAAFE9200991841 /* Assets.xcassets */ = {isa = PBXFileReference; lastKnownFileType = folder.assetcatalog; path = Assets.xcassets; sourceTree = "<group>"; };
		09D7B1882AAAFE9200991841 /* Base */ = {isa = PBXFileReference; lastKnownFileType = file.storyboard; name = Base; path = Base.lproj/LaunchScreen.storyboard; sourceTree = "<group>"; };
		09D7B18A2AAAFE9200991841 /* Info.plist */ = {isa = PBXFileReference; lastKnownFileType = text.plist.xml; path = Info.plist; sourceTree = "<group>"; };
		09F0DB992AB3F1C500207F0D /* MyPageModel.swift */ = {isa = PBXFileReference; lastKnownFileType = sourcecode.swift; path = MyPageModel.swift; sourceTree = "<group>"; };
		09F0DB9C2AB412D500207F0D /* Constants.swift */ = {isa = PBXFileReference; lastKnownFileType = sourcecode.swift; path = Constants.swift; sourceTree = "<group>"; };
		09F0DBA52AB4493100207F0D /* String+Extension.swift */ = {isa = PBXFileReference; lastKnownFileType = sourcecode.swift; path = "String+Extension.swift"; sourceTree = "<group>"; };
		CFF17FA126BD179BF203F006 /* Pods-TravelMaker.debug.xcconfig */ = {isa = PBXFileReference; includeInIndex = 1; lastKnownFileType = text.xcconfig; name = "Pods-TravelMaker.debug.xcconfig"; path = "Target Support Files/Pods-TravelMaker/Pods-TravelMaker.debug.xcconfig"; sourceTree = "<group>"; };
		F2940B7494B3F7E41A9AB72D /* Pods_TravelMaker.framework */ = {isa = PBXFileReference; explicitFileType = wrapper.framework; includeInIndex = 0; path = Pods_TravelMaker.framework; sourceTree = BUILT_PRODUCTS_DIR; };
/* End PBXFileReference section */

/* Begin PBXFrameworksBuildPhase section */
		09D7B1762AAAFE9100991841 /* Frameworks */ = {
			isa = PBXFrameworksBuildPhase;
			buildActionMask = 2147483647;
			files = (
				09591B852AB003AF00A3F0D6 /* RxRelay in Frameworks */,
				091D5F322AB1551B00D58FA2 /* KakaoSDK in Frameworks */,
				099EE9BD2ADD14AC000F0BBE /* RxCoreLocation in Frameworks */,
				09591B832AB003AF00A3F0D6 /* RxCocoa in Frameworks */,
				09CAB1562AD508820077B46F /* SnapKit in Frameworks */,
				091D5F3E2AB1551B00D58FA2 /* KakaoSDKUser in Frameworks */,
				09A83F192AAF05060082A6A2 /* ReactiveMoya in Frameworks */,
				09A83EDC2AAE94CE0082A6A2 /* FlexLayout in Frameworks */,
				091D5F3C2AB1551B00D58FA2 /* KakaoSDKTemplate in Frameworks */,
				09A83EDE2AAE94CE0082A6A2 /* FlexLayoutYoga in Frameworks */,
				09A83F172AAF05060082A6A2 /* Moya in Frameworks */,
				09B318462AD658BB0060CF20 /* Cosmos in Frameworks */,
				091D5F342AB1551B00D58FA2 /* KakaoSDKAuth in Frameworks */,
				09BF58312AD78F5C00DCF822 /* Kingfisher in Frameworks */,
				09BF582E2AD7883600DCF822 /* YPImagePicker in Frameworks */,
				091D5F3A2AB1551B00D58FA2 /* KakaoSDKTalk in Frameworks */,
				09A83EE32AAE95330082A6A2 /* PinLayout in Frameworks */,
				091D5F382AB1551B00D58FA2 /* KakaoSDKShare in Frameworks */,
				09A83F152AAF05060082A6A2 /* CombineMoya in Frameworks */,
				08A6AF4C2B0A2E520045EAFA /* RxGesture in Frameworks */,
				09A83F1B2AAF05060082A6A2 /* RxMoya in Frameworks */,
				09CAB1532AD508230077B46F /* Then in Frameworks */,
				09A83EE02AAE94CE0082A6A2 /* FlexLayoutYogaKit in Frameworks */,
				091D5F362AB1551B00D58FA2 /* KakaoSDKNavi in Frameworks */,
				09591B872AB003AF00A3F0D6 /* RxSwift in Frameworks */,
				09C4BA782AD9059300BE8376 /* ReactorKit in Frameworks */,
				2E999E17F8C54B0610DF36B4 /* Pods_TravelMaker.framework in Frameworks */,
			);
			runOnlyForDeploymentPostprocessing = 0;
		};
/* End PBXFrameworksBuildPhase section */

/* Begin PBXGroup section */
		0868D6DC2B176C6800094464 /* Withdrawal */ = {
			isa = PBXGroup;
			children = (
				0868D6F22B176F6C00094464 /* Model */,
				0868D6EF2B176F5500094464 /* ViewModel */,
				0868D6EE2B176F3E00094464 /* View */,
			);
			path = Withdrawal;
			sourceTree = "<group>";
		};
		0868D6E12B176D2100094464 /* Header */ = {
			isa = PBXGroup;
			children = (
				0868D6E22B176D3900094464 /* CommonHeader.swift */,
			);
			path = Header;
			sourceTree = "<group>";
		};
		0868D6E62B176DDD00094464 /* Button */ = {
			isa = PBXGroup;
			children = (
				0868D6E72B176DEA00094464 /* BasicButtonBuilder.swift */,
			);
			path = Button;
			sourceTree = "<group>";
		};
		0868D6E92B176EEE00094464 /* Cell */ = {
			isa = PBXGroup;
			children = (
				0868D6EA2B176EEE00094464 /* QuestionCell.swift */,
				0868D6EB2B176EEE00094464 /* QuestionCell.xib */,
			);
			path = Cell;
			sourceTree = "<group>";
		};
		0868D6EE2B176F3E00094464 /* View */ = {
			isa = PBXGroup;
			children = (
				0868D6E92B176EEE00094464 /* Cell */,
				0868D6DD2B176C9F00094464 /* WithdrawalView.swift */,
				0868D6DE2B176C9F00094464 /* WithdrawalView.xib */,
			);
			path = View;
			sourceTree = "<group>";
		};
		0868D6EF2B176F5500094464 /* ViewModel */ = {
			isa = PBXGroup;
			children = (
				0868D6F02B176F5500094464 /* WithdrawalViewModel.swift */,
			);
			path = ViewModel;
			sourceTree = "<group>";
		};
		0868D6F22B176F6C00094464 /* Model */ = {
			isa = PBXGroup;
			children = (
				0868D6F32B176F6C00094464 /* WithdrawalModel.swift */,
			);
			path = Model;
			sourceTree = "<group>";
		};
		08A0ACED2B0F787B0082161F /* MyRecommend */ = {
			isa = PBXGroup;
			children = (
				08A0ACF32B0F7A390082161F /* Cell */,
				08A0ACEE2B0F78C20082161F /* View */,
			);
			path = MyRecommend;
			sourceTree = "<group>";
		};
		08A0ACEE2B0F78C20082161F /* View */ = {
			isa = PBXGroup;
			children = (
				08A0ACEF2B0F79200082161F /* MyRecommendListView.swift */,
				08A0ACF02B0F79200082161F /* MyRecommendListView.xib */,
			);
			path = View;
			sourceTree = "<group>";
		};
		08A0ACF32B0F7A390082161F /* Cell */ = {
			isa = PBXGroup;
			children = (
				08A0ACF42B0F7A5C0082161F /* MyRecommendCollectionViewCell.swift */,
				08A0ACF52B0F7A5C0082161F /* MyRecommendCollectionViewCell.xib */,
			);
			path = Cell;
			sourceTree = "<group>";
		};
		08A6AF4D2B0A313A0045EAFA /* SearchRoute */ = {
			isa = PBXGroup;
			children = (
				08A6AF602B0A39530045EAFA /* ViewModel */,
				08A6AF592B0A33B40045EAFA /* Model */,
				08A6AF562B0A33600045EAFA /* Cell */,
				08A6AF532B0A32100045EAFA /* Reactor */,
				08A6AF4E2B0A318D0045EAFA /* View */,
			);
			path = SearchRoute;
			sourceTree = "<group>";
		};
		08A6AF4E2B0A318D0045EAFA /* View */ = {
			isa = PBXGroup;
			children = (
				08A6AF4F2B0A319D0045EAFA /* SearchRouteView.swift */,
				08A6AF502B0A319D0045EAFA /* SearchRouteView.xib */,
				08A6AF5C2B0A390F0045EAFA /* SearchRouteSelectView.swift */,
				08A6AF5D2B0A390F0045EAFA /* SearchRouteSelectView.xib */,
			);
			path = View;
			sourceTree = "<group>";
		};
		08A6AF532B0A32100045EAFA /* Reactor */ = {
			isa = PBXGroup;
			children = (
				08A6AF542B0A32240045EAFA /* SearchRouteViewReactor.swift */,
			);
			path = Reactor;
			sourceTree = "<group>";
		};
		08A6AF562B0A33600045EAFA /* Cell */ = {
			isa = PBXGroup;
			children = (
				08A6AF572B0A33710045EAFA /* SearchRouteCell.swift */,
			);
			path = Cell;
			sourceTree = "<group>";
		};
		08A6AF592B0A33B40045EAFA /* Model */ = {
			isa = PBXGroup;
			children = (
				08A6AF5A2B0A33C00045EAFA /* SearchRouteModel.swift */,
			);
			path = Model;
			sourceTree = "<group>";
		};
		08A6AF602B0A39530045EAFA /* ViewModel */ = {
			isa = PBXGroup;
			children = (
				08A6AF612B0A39690045EAFA /* SearchRouteViewModel.swift */,
			);
			path = ViewModel;
			sourceTree = "<group>";
		};
		08FA166D2AFBAA3E00E9C452 /* RegisterRoute */ = {
			isa = PBXGroup;
			children = (
				08FA166E2AFBAA4D00E9C452 /* View */,
			);
			path = RegisterRoute;
			sourceTree = "<group>";
		};
		08FA166E2AFBAA4D00E9C452 /* View */ = {
			isa = PBXGroup;
			children = (
				08FA166F2AFBAA6600E9C452 /* RegisterRouteView.swift */,
				08FA16702AFBAA6600E9C452 /* RegisterRouteView.xib */,
			);
			path = View;
			sourceTree = "<group>";
		};
		090FB9EF2ADE7942005081F8 /* CustomView */ = {
			isa = PBXGroup;
			children = (
				0986BCC12AF364AA00987836 /* Recommend */,
				09CDB73A2AF0C1AC00044CF2 /* BottomSheet */,
				09112BF32AE8D6B9001AFDC6 /* PaddingLabel */,
				090FB9F02ADE7948005081F8 /* AroundMe */,
			);
			path = CustomView;
			sourceTree = "<group>";
		};
		090FB9F02ADE7948005081F8 /* AroundMe */ = {
			isa = PBXGroup;
			children = (
				090FB9F12ADE7985005081F8 /* AroundMeCustomView.swift */,
				09112BF12AE8A8EE001AFDC6 /* AroundMeRecordCustomView.swift */,
			);
			path = AroundMe;
			sourceTree = "<group>";
		};
		09112BF32AE8D6B9001AFDC6 /* PaddingLabel */ = {
			isa = PBXGroup;
			children = (
				09112BF42AE8D6D5001AFDC6 /* PaddingLabel.swift */,
			);
			path = PaddingLabel;
			sourceTree = "<group>";
		};
		0914EF782AF4ACF3008F1E5B /* MyRoute */ = {
			isa = PBXGroup;
			children = (
				0914EF7D2AF4B1A5008F1E5B /* Cell */,
				0914EF792AF4AD12008F1E5B /* MyRouteView.swift */,
				0914EF7A2AF4AD12008F1E5B /* MyRouteView.xib */,
			);
			path = MyRoute;
			sourceTree = "<group>";
		};
		0914EF7D2AF4B1A5008F1E5B /* Cell */ = {
			isa = PBXGroup;
			children = (
				0914EF7E2AF4B246008F1E5B /* MyRouteCollectionViewCell.swift */,
				0914EF7F2AF4B246008F1E5B /* MyRouteCollectionViewCell.xib */,
			);
			path = Cell;
			sourceTree = "<group>";
		};
		091B19A12AD4E716009A6AF1 /* RegisterNearMe */ = {
			isa = PBXGroup;
			children = (
				0960FF9B2AE631EE004D9068 /* Model */,
				091B19A22AD4E732009A6AF1 /* RegisterNearMe.swift */,
				091B19A32AD4E732009A6AF1 /* RegisterNearMe.xib */,
			);
			path = RegisterNearMe;
			sourceTree = "<group>";
		};
		091D5F402AB17C9B00D58FA2 /* User */ = {
			isa = PBXGroup;
			children = (
				09A83F112AAF04940082A6A2 /* UsersApi.swift */,
			);
			path = User;
			sourceTree = "<group>";
		};
		091D5F412AB17F6000D58FA2 /* Mypage */ = {
			isa = PBXGroup;
			children = (
				09F0DB982AB3F1B500207F0D /* Model */,
				091D5F422AB17F7000D58FA2 /* View */,
			);
			path = Mypage;
			sourceTree = "<group>";
		};
		091D5F422AB17F7000D58FA2 /* View */ = {
			isa = PBXGroup;
			children = (
				091D5F432AB17F8C00D58FA2 /* MyPageView.swift */,
				091D5F442AB17F8C00D58FA2 /* MyPageView.xib */,
			);
			path = View;
			sourceTree = "<group>";
		};
		091D5F472AB189CB00D58FA2 /* Collection */ = {
			isa = PBXGroup;
			children = (
				091D5F482AB189DB00D58FA2 /* View */,
			);
			path = Collection;
			sourceTree = "<group>";
		};
		091D5F482AB189DB00D58FA2 /* View */ = {
			isa = PBXGroup;
			children = (
				091D5F492AB18A0B00D58FA2 /* MyCollectionView.swift */,
				091D5F4A2AB18A0B00D58FA2 /* MyCollectionView.xib */,
			);
			path = View;
			sourceTree = "<group>";
		};
		09317F092AEF2ABF0030EAC5 /* AroundDetail */ = {
			isa = PBXGroup;
			children = (
				09317F0A2AEF2AEF0030EAC5 /* AroundDetailView.swift */,
				09317F0B2AEF2AEF0030EAC5 /* AroundDetailView.xib */,
			);
			path = AroundDetail;
			sourceTree = "<group>";
		};
		09317F0E2AEF47CD0030EAC5 /* ImageResource */ = {
			isa = PBXGroup;
			children = (
				09317F0F2AEF47E50030EAC5 /* KFSource.swift */,
			);
			path = ImageResource;
			sourceTree = "<group>";
		};
		09591B752AAFE72A00A3F0D6 /* SignUp */ = {
			isa = PBXGroup;
			children = (
				09591B8F2AB0295200A3F0D6 /* Model */,
				09591B762AAFE73B00A3F0D6 /* View */,
			);
			path = SignUp;
			sourceTree = "<group>";
		};
		09591B762AAFE73B00A3F0D6 /* View */ = {
			isa = PBXGroup;
			children = (
				09591B792AAFE77800A3F0D6 /* SignUpView.swift */,
				09591B7A2AAFE77800A3F0D6 /* SignUpView.xib */,
			);
			path = View;
			sourceTree = "<group>";
		};
		09591B7D2AAFF43100A3F0D6 /* Common */ = {
			isa = PBXGroup;
			children = (
				0868D6E62B176DDD00094464 /* Button */,
				0868D6E12B176D2100094464 /* Header */,
				09CDB7412AF0DA1500044CF2 /* Error */,
				090FB9EF2ADE7942005081F8 /* CustomView */,
				099EE9B82ADD13FB000F0BBE /* Location */,
				09B318472AD667310060CF20 /* Util */,
				09F0DB9B2AB412B300207F0D /* Constants */,
				09591BA42AB0586A00A3F0D6 /* Color */,
				09591B9E2AB04B9F00A3F0D6 /* LocalData */,
				09591B8A2AB020DC00A3F0D6 /* Base */,
				09591B7E2AAFF43700A3F0D6 /* Extension */,
			);
			path = Common;
			sourceTree = "<group>";
		};
		09591B7E2AAFF43700A3F0D6 /* Extension */ = {
			isa = PBXGroup;
			children = (
				09591B7F2AAFF44F00A3F0D6 /* UITextField+Extension.swift */,
				09F0DBA52AB4493100207F0D /* String+Extension.swift */,
				090FB9ED2ADE5B48005081F8 /* UIImage+Extension.swift */,
				0960FF942AE607E2004D9068 /* UINavigationController+Extension.swift */,
				08FF473E2B1336FA00B0D6AB /* UIApplication+Extension.swift */,
				0868D6E42B176D7600094464 /* UIView+Extension.swift */,
			);
			path = Extension;
			sourceTree = "<group>";
		};
		09591B8A2AB020DC00A3F0D6 /* Base */ = {
			isa = PBXGroup;
			children = (
				09591B8D2AB020F600A3F0D6 /* BaseViewController.swift */,
				08FF47402B13472E00B0D6AB /* BaseWhiteView.swift */,
			);
			path = Base;
			sourceTree = "<group>";
		};
		09591B8F2AB0295200A3F0D6 /* Model */ = {
			isa = PBXGroup;
			children = (
				09591B902AB0296800A3F0D6 /* SignUpModel.swift */,
			);
			path = Model;
			sourceTree = "<group>";
		};
		09591B922AB0302B00A3F0D6 /* Onboarding */ = {
			isa = PBXGroup;
			children = (
				09591B972AB0336000A3F0D6 /* View */,
			);
			path = Onboarding;
			sourceTree = "<group>";
		};
		09591B972AB0336000A3F0D6 /* View */ = {
			isa = PBXGroup;
			children = (
				09591B932AB0305A00A3F0D6 /* OnboardingView.swift */,
				09591B942AB0305A00A3F0D6 /* OnboardingView.xib */,
				09591B982AB0336D00A3F0D6 /* Cell */,
			);
			path = View;
			sourceTree = "<group>";
		};
		09591B982AB0336D00A3F0D6 /* Cell */ = {
			isa = PBXGroup;
			children = (
				09591B992AB033C800A3F0D6 /* OnboardingCell.swift */,
				09591B9A2AB033C800A3F0D6 /* OnboardingCell.xib */,
			);
			path = Cell;
			sourceTree = "<group>";
		};
		09591B9E2AB04B9F00A3F0D6 /* LocalData */ = {
			isa = PBXGroup;
			children = (
				09591BA12AB04CA400A3F0D6 /* UserDefault */,
				09591BA02AB04BB500A3F0D6 /* CoreData */,
			);
			path = LocalData;
			sourceTree = "<group>";
		};
		09591BA02AB04BB500A3F0D6 /* CoreData */ = {
			isa = PBXGroup;
			children = (
			);
			path = CoreData;
			sourceTree = "<group>";
		};
		09591BA12AB04CA400A3F0D6 /* UserDefault */ = {
			isa = PBXGroup;
			children = (
				09591BA22AB04CC500A3F0D6 /* UserDefaultManager.swift */,
			);
			path = UserDefault;
			sourceTree = "<group>";
		};
		09591BA42AB0586A00A3F0D6 /* Color */ = {
			isa = PBXGroup;
			children = (
				09591BA52AB0588F00A3F0D6 /* ColorConstants.swift */,
			);
			path = Color;
			sourceTree = "<group>";
		};
		0960FF962AE60DDF004D9068 /* ViewModel */ = {
			isa = PBXGroup;
			children = (
				0960FF972AE60DF6004D9068 /* SearchSpaceViewModel.swift */,
			);
			path = ViewModel;
			sourceTree = "<group>";
		};
		0960FF9B2AE631EE004D9068 /* Model */ = {
			isa = PBXGroup;
			children = (
				0960FF9E2AE6321D004D9068 /* RequestRegisterNearMeModel.swift */,
				0960FFA12AE64979004D9068 /* ResponseRegisterNearMeModel.swift */,
			);
			path = Model;
			sourceTree = "<group>";
		};
		0960FFA02AE63B67004D9068 /* File */ = {
			isa = PBXGroup;
			children = (
				0960FF992AE63187004D9068 /* FileUploadRepository.swift */,
			);
			path = File;
			sourceTree = "<group>";
		};
		0986BCC12AF364AA00987836 /* Recommend */ = {
			isa = PBXGroup;
			children = (
				0986BCC22AF364D100987836 /* RecommendSelectView.swift */,
			);
			path = Recommend;
			sourceTree = "<group>";
		};
		099EE9B82ADD13FB000F0BBE /* Location */ = {
			isa = PBXGroup;
			children = (
				099EE9B92ADD140F000F0BBE /* LocationManager.swift */,
			);
			path = Location;
			sourceTree = "<group>";
		};
		09A565102AE75DA8003DF90B /* Reactor */ = {
			isa = PBXGroup;
			children = (
				09A565112AE75DC6003DF90B /* AroundViewReactor.swift */,
			);
			path = Reactor;
			sourceTree = "<group>";
		};
		09A565132AE75FFC003DF90B /* Model */ = {
			isa = PBXGroup;
			children = (
				09A565142AE76061003DF90B /* ResponseAroundModel.swift */,
			);
			path = Model;
			sourceTree = "<group>";
		};
		09A6E7922AF213FB0033152E /* CollectionView */ = {
			isa = PBXGroup;
			children = (
				09A6E7932AF2142C0033152E /* RecommendCollectionViewCell.swift */,
			);
			path = CollectionView;
			sourceTree = "<group>";
		};
		09A83EE72AAE9C790082A6A2 /* Recommend */ = {
			isa = PBXGroup;
			children = (
				09CDB7442AF0DE0700044CF2 /* Model */,
				09A83EE82AAE9C9B0082A6A2 /* RecommendView.swift */,
				09A83EE92AAE9C9B0082A6A2 /* RecommendView.xib */,
			);
			path = Recommend;
			sourceTree = "<group>";
		};
		09A83EEC2AAE9D040082A6A2 /* Around */ = {
			isa = PBXGroup;
			children = (
				09A565132AE75FFC003DF90B /* Model */,
				09A565102AE75DA8003DF90B /* Reactor */,
				09A83EED2AAE9D210082A6A2 /* AroundView.swift */,
				09A83EEE2AAE9D210082A6A2 /* AroundView.xib */,
			);
			path = Around;
			sourceTree = "<group>";
		};
		09A83EF12AAEAB500082A6A2 /* Login */ = {
			isa = PBXGroup;
			children = (
				09A83F222AAF09F70082A6A2 /* Model */,
				09A83EF62AAECD2D0082A6A2 /* View */,
			);
			path = Login;
			sourceTree = "<group>";
		};
		09A83EF62AAECD2D0082A6A2 /* View */ = {
			isa = PBXGroup;
			children = (
				09A83EF22AAEAB620082A6A2 /* LoginView.swift */,
				09A83EF32AAEAB620082A6A2 /* LoginView.xib */,
			);
			path = View;
			sourceTree = "<group>";
		};
		09A83EFB2AAEE88D0082A6A2 /* Resource */ = {
			isa = PBXGroup;
			children = (
				09A83EFC2AAEE8980082A6A2 /* Font */,
			);
			path = Resource;
			sourceTree = "<group>";
		};
		09A83EFC2AAEE8980082A6A2 /* Font */ = {
			isa = PBXGroup;
			children = (
				09A83EFD2AAEE89F0082A6A2 /* Suit */,
			);
			path = Font;
			sourceTree = "<group>";
		};
		09A83EFD2AAEE89F0082A6A2 /* Suit */ = {
			isa = PBXGroup;
			children = (
				09A83F062AAEE8AF0082A6A2 /* SUIT-Bold.otf */,
				09A83EFF2AAEE8AF0082A6A2 /* SUIT-ExtraBold.otf */,
				09A83F002AAEE8AF0082A6A2 /* SUIT-ExtraLight.otf */,
				09A83F032AAEE8AF0082A6A2 /* SUIT-Heavy.otf */,
				09A83F012AAEE8AF0082A6A2 /* SUIT-Light.otf */,
				09A83F022AAEE8AF0082A6A2 /* SUIT-Medium.otf */,
				09A83F052AAEE8AF0082A6A2 /* SUIT-Regular.otf */,
				09A83F042AAEE8AF0082A6A2 /* SUIT-SemiBold.otf */,
				09A83EFE2AAEE8AE0082A6A2 /* SUIT-Thin.otf */,
			);
			path = Suit;
			sourceTree = "<group>";
		};
		09A83F102AAF047D0082A6A2 /* Repository */ = {
			isa = PBXGroup;
			children = (
				09317F0E2AEF47CD0030EAC5 /* ImageResource */,
				0960FFA02AE63B67004D9068 /* File */,
				091D5F402AB17C9B00D58FA2 /* User */,
			);
			path = Repository;
			sourceTree = "<group>";
		};
		09A83F1C2AAF05B90082A6A2 /* Network */ = {
			isa = PBXGroup;
			children = (
				09A83F1D2AAF05DB0082A6A2 /* Apis.swift */,
				09A83F252AAF0B0E0082A6A2 /* NetworkWrapper.swift */,
				09A83F272AAF0C600082A6A2 /* CustomPlugin.swift */,
				09CDB73F2AF0D76E00044CF2 /* AsyncNetworkManager.swift */,
			);
			path = Network;
			sourceTree = "<group>";
		};
		09A83F1F2AAF091D0082A6A2 /* Manger */ = {
			isa = PBXGroup;
			children = (
				09A83F202AAF09290082A6A2 /* SessionManager.swift */,
				091D5F2C2AB1391900D58FA2 /* SocialLoginManager.swift */,
			);
			path = Manger;
			sourceTree = "<group>";
		};
		09A83F222AAF09F70082A6A2 /* Model */ = {
			isa = PBXGroup;
			children = (
				09A83F232AAF0A410082A6A2 /* LoginModel.swift */,
				091D5F2E2AB13AF700D58FA2 /* NaverLoginModel.swift */,
			);
			path = Model;
			sourceTree = "<group>";
		};
		09B318472AD667310060CF20 /* Util */ = {
			isa = PBXGroup;
			children = (
				09B318482AD667410060CF20 /* Utils.swift */,
			);
			path = Util;
			sourceTree = "<group>";
		};
		09BF583B2AD7E04400DCF822 /* SearchSpace */ = {
			isa = PBXGroup;
			children = (
				0960FF962AE60DDF004D9068 /* ViewModel */,
				09C4BA7D2AD934F400BE8376 /* Model */,
				09C4BA732AD8E10E00BE8376 /* Reactor */,
				09C4BA702AD8E08C00BE8376 /* Cell */,
				09BF583C2AD7E07600DCF822 /* SearchSpaceView.swift */,
				09BF583D2AD7E07600DCF822 /* SearchSpaceView.xib */,
				090FB9E92ADE553D005081F8 /* SearchSpaceSelectView.swift */,
				090FB9EA2ADE553D005081F8 /* SearchSpaceSelectView.xib */,
			);
			path = SearchSpace;
			sourceTree = "<group>";
		};
		09C4BA702AD8E08C00BE8376 /* Cell */ = {
			isa = PBXGroup;
			children = (
				09C4BA712AD8E0B500BE8376 /* SearchSpaceCell.swift */,
			);
			path = Cell;
			sourceTree = "<group>";
		};
		09C4BA732AD8E10E00BE8376 /* Reactor */ = {
			isa = PBXGroup;
			children = (
				09C4BA742AD8E12200BE8376 /* SearchSpaceViewReactor.swift */,
			);
			path = Reactor;
			sourceTree = "<group>";
		};
		09C4BA7D2AD934F400BE8376 /* Model */ = {
			isa = PBXGroup;
			children = (
				09C4BA7E2AD9350100BE8376 /* SearchSpaceModel.swift */,
			);
			path = Model;
			sourceTree = "<group>";
		};
		09CDB73A2AF0C1AC00044CF2 /* BottomSheet */ = {
			isa = PBXGroup;
			children = (
				09A6E7922AF213FB0033152E /* CollectionView */,
				09CDB73B2AF0C1C700044CF2 /* PassThroughView.swift */,
				09CDB73D2AF0C20300044CF2 /* BottomSheetView.swift */,
			);
			path = BottomSheet;
			sourceTree = "<group>";
		};
		09CDB7412AF0DA1500044CF2 /* Error */ = {
			isa = PBXGroup;
			children = (
				09CDB7422AF0DA2A00044CF2 /* ErrorHandling.swift */,
			);
			path = Error;
			sourceTree = "<group>";
		};
		09CDB7442AF0DE0700044CF2 /* Model */ = {
			isa = PBXGroup;
			children = (
				09CDB7452AF0DE1600044CF2 /* ResponseRecommendALLModel.swift */,
			);
			path = Model;
			sourceTree = "<group>";
		};
		09D7B1702AAAFE9100991841 = {
			isa = PBXGroup;
			children = (
				09D7B17B2AAAFE9100991841 /* TravelMaker */,
				09D7B17A2AAAFE9100991841 /* Products */,
				3D78A2FAA5E4397521E1085A /* Pods */,
				ED0619CF77927A6579070512 /* Frameworks */,
			);
			sourceTree = "<group>";
		};
		09D7B17A2AAAFE9100991841 /* Products */ = {
			isa = PBXGroup;
			children = (
				09D7B1792AAAFE9100991841 /* TravelMaker.app */,
			);
			name = Products;
			sourceTree = "<group>";
		};
		09D7B17B2AAAFE9100991841 /* TravelMaker */ = {
			isa = PBXGroup;
			children = (
				091D5F3F2AB176F900D58FA2 /* TravelMaker.entitlements */,
				09591B7D2AAFF43100A3F0D6 /* Common */,
				09A83F1C2AAF05B90082A6A2 /* Network */,
				09A83F102AAF047D0082A6A2 /* Repository */,
				09A83F1F2AAF091D0082A6A2 /* Manger */,
				09591B922AB0302B00A3F0D6 /* Onboarding */,
				09591B752AAFE72A00A3F0D6 /* SignUp */,
				09A83EF12AAEAB500082A6A2 /* Login */,
				09A83EEC2AAE9D040082A6A2 /* Around */,
				09317F092AEF2ABF0030EAC5 /* AroundDetail */,
				09A83EE72AAE9C790082A6A2 /* Recommend */,
				091B19A12AD4E716009A6AF1 /* RegisterNearMe */,
				09BF583B2AD7E04400DCF822 /* SearchSpace */,
				091D5F472AB189CB00D58FA2 /* Collection */,
				091D5F412AB17F6000D58FA2 /* Mypage */,
				0914EF782AF4ACF3008F1E5B /* MyRoute */,
				08FA166D2AFBAA3E00E9C452 /* RegisterRoute */,
				08A6AF4D2B0A313A0045EAFA /* SearchRoute */,
				08A0ACED2B0F787B0082161F /* MyRecommend */,
				0868D6DC2B176C6800094464 /* Withdrawal */,
				09D7B17C2AAAFE9100991841 /* AppDelegate.swift */,
				09D7B17E2AAAFE9100991841 /* SceneDelegate.swift */,
				09D7B1802AAAFE9100991841 /* TabBarViewController.swift */,
				09D7B1822AAAFE9100991841 /* Main.storyboard */,
				09D7B1872AAAFE9200991841 /* LaunchScreen.storyboard */,
				09D7B18A2AAAFE9200991841 /* Info.plist */,
				09D7B1852AAAFE9200991841 /* Assets.xcassets */,
				09A83EFB2AAEE88D0082A6A2 /* Resource */,
			);
			path = TravelMaker;
			sourceTree = "<group>";
		};
		09F0DB982AB3F1B500207F0D /* Model */ = {
			isa = PBXGroup;
			children = (
				09F0DB992AB3F1C500207F0D /* MyPageModel.swift */,
			);
			path = Model;
			sourceTree = "<group>";
		};
		09F0DB9B2AB412B300207F0D /* Constants */ = {
			isa = PBXGroup;
			children = (
				09F0DB9C2AB412D500207F0D /* Constants.swift */,
			);
			path = Constants;
			sourceTree = "<group>";
		};
		3D78A2FAA5E4397521E1085A /* Pods */ = {
			isa = PBXGroup;
			children = (
				CFF17FA126BD179BF203F006 /* Pods-TravelMaker.debug.xcconfig */,
				084B620A9339468BEB583C7C /* Pods-TravelMaker.release.xcconfig */,
			);
			path = Pods;
			sourceTree = "<group>";
		};
		ED0619CF77927A6579070512 /* Frameworks */ = {
			isa = PBXGroup;
			children = (
				F2940B7494B3F7E41A9AB72D /* Pods_TravelMaker.framework */,
			);
			name = Frameworks;
			sourceTree = "<group>";
		};
/* End PBXGroup section */

/* Begin PBXNativeTarget section */
		09D7B1782AAAFE9100991841 /* TravelMaker */ = {
			isa = PBXNativeTarget;
			buildConfigurationList = 09D7B18D2AAAFE9200991841 /* Build configuration list for PBXNativeTarget "TravelMaker" */;
			buildPhases = (
				A7A4446CF7CB3CB1F849BC02 /* [CP] Check Pods Manifest.lock */,
				09D7B1752AAAFE9100991841 /* Sources */,
				09D7B1762AAAFE9100991841 /* Frameworks */,
				09D7B1772AAAFE9100991841 /* Resources */,
				D87744CB8C6F3D6F1F48127C /* [CP] Embed Pods Frameworks */,
			);
			buildRules = (
			);
			dependencies = (
			);
			name = TravelMaker;
			packageProductDependencies = (
				09A83EDB2AAE94CE0082A6A2 /* FlexLayout */,
				09A83EDD2AAE94CE0082A6A2 /* FlexLayoutYoga */,
				09A83EDF2AAE94CE0082A6A2 /* FlexLayoutYogaKit */,
				09A83EE22AAE95330082A6A2 /* PinLayout */,
				09A83F142AAF05060082A6A2 /* CombineMoya */,
				09A83F162AAF05060082A6A2 /* Moya */,
				09A83F182AAF05060082A6A2 /* ReactiveMoya */,
				09A83F1A2AAF05060082A6A2 /* RxMoya */,
				09591B822AB003AF00A3F0D6 /* RxCocoa */,
				09591B842AB003AF00A3F0D6 /* RxRelay */,
				09591B862AB003AF00A3F0D6 /* RxSwift */,
				091D5F312AB1551B00D58FA2 /* KakaoSDK */,
				091D5F332AB1551B00D58FA2 /* KakaoSDKAuth */,
				091D5F352AB1551B00D58FA2 /* KakaoSDKNavi */,
				091D5F372AB1551B00D58FA2 /* KakaoSDKShare */,
				091D5F392AB1551B00D58FA2 /* KakaoSDKTalk */,
				091D5F3B2AB1551B00D58FA2 /* KakaoSDKTemplate */,
				091D5F3D2AB1551B00D58FA2 /* KakaoSDKUser */,
				09CAB1522AD508230077B46F /* Then */,
				09CAB1552AD508820077B46F /* SnapKit */,
				09B318452AD658BB0060CF20 /* Cosmos */,
				09BF582D2AD7883600DCF822 /* YPImagePicker */,
				09BF58302AD78F5C00DCF822 /* Kingfisher */,
				09C4BA772AD9059300BE8376 /* ReactorKit */,
				099EE9BC2ADD14AC000F0BBE /* RxCoreLocation */,
				08A6AF4B2B0A2E520045EAFA /* RxGesture */,
			);
			productName = TravelMaker;
			productReference = 09D7B1792AAAFE9100991841 /* TravelMaker.app */;
			productType = "com.apple.product-type.application";
		};
/* End PBXNativeTarget section */

/* Begin PBXProject section */
		09D7B1712AAAFE9100991841 /* Project object */ = {
			isa = PBXProject;
			attributes = {
				BuildIndependentTargetsInParallel = 1;
				LastSwiftUpdateCheck = 1430;
				LastUpgradeCheck = 1430;
				TargetAttributes = {
					09D7B1782AAAFE9100991841 = {
						CreatedOnToolsVersion = 14.3;
					};
				};
			};
			buildConfigurationList = 09D7B1742AAAFE9100991841 /* Build configuration list for PBXProject "TravelMaker" */;
			compatibilityVersion = "Xcode 14.0";
			developmentRegion = en;
			hasScannedForEncodings = 0;
			knownRegions = (
				en,
				Base,
			);
			mainGroup = 09D7B1702AAAFE9100991841;
			packageReferences = (
				09A83EDA2AAE94CE0082A6A2 /* XCRemoteSwiftPackageReference "FlexLayout" */,
				09A83EE12AAE95330082A6A2 /* XCRemoteSwiftPackageReference "PinLayout" */,
				09A83F132AAF05060082A6A2 /* XCRemoteSwiftPackageReference "Moya" */,
				09591B812AB003AF00A3F0D6 /* XCRemoteSwiftPackageReference "RxSwift" */,
				091D5F302AB1551A00D58FA2 /* XCRemoteSwiftPackageReference "kakao-ios-sdk" */,
				09CAB1512AD508230077B46F /* XCRemoteSwiftPackageReference "Then" */,
				09CAB1542AD508820077B46F /* XCRemoteSwiftPackageReference "SnapKit" */,
				09B318442AD658BB0060CF20 /* XCRemoteSwiftPackageReference "Cosmos" */,
				09BF582C2AD7883600DCF822 /* XCRemoteSwiftPackageReference "YPImagePicker" */,
				09BF582F2AD78F5C00DCF822 /* XCRemoteSwiftPackageReference "Kingfisher" */,
				09C4BA762AD9059200BE8376 /* XCRemoteSwiftPackageReference "ReactorKit" */,
				099EE9BB2ADD14AC000F0BBE /* XCRemoteSwiftPackageReference "RxCoreLocation" */,
				08A6AF4A2B0A2E520045EAFA /* XCRemoteSwiftPackageReference "RxGesture" */,
			);
			productRefGroup = 09D7B17A2AAAFE9100991841 /* Products */;
			projectDirPath = "";
			projectRoot = "";
			targets = (
				09D7B1782AAAFE9100991841 /* TravelMaker */,
			);
		};
/* End PBXProject section */

/* Begin PBXResourcesBuildPhase section */
		09D7B1772AAAFE9100991841 /* Resources */ = {
			isa = PBXResourcesBuildPhase;
			buildActionMask = 2147483647;
			files = (
				08A0ACF72B0F7A5C0082161F /* MyRecommendCollectionViewCell.xib in Resources */,
				090FB9EC2ADE553D005081F8 /* SearchSpaceSelectView.xib in Resources */,
				09591B7C2AAFE77800A3F0D6 /* SignUpView.xib in Resources */,
				09A83F0C2AAEE8AF0082A6A2 /* SUIT-Heavy.otf in Resources */,
				09A83F0B2AAEE8AF0082A6A2 /* SUIT-Medium.otf in Resources */,
				08A6AF522B0A319D0045EAFA /* SearchRouteView.xib in Resources */,
				0914EF7C2AF4AD12008F1E5B /* MyRouteView.xib in Resources */,
				09BF583F2AD7E07600DCF822 /* SearchSpaceView.xib in Resources */,
				09A83F0D2AAEE8AF0082A6A2 /* SUIT-SemiBold.otf in Resources */,
				09A83F082AAEE8AF0082A6A2 /* SUIT-ExtraBold.otf in Resources */,
				091D5F462AB17F8C00D58FA2 /* MyPageView.xib in Resources */,
				09A83F0A2AAEE8AF0082A6A2 /* SUIT-Light.otf in Resources */,
				091B19A52AD4E732009A6AF1 /* RegisterNearMe.xib in Resources */,
				09A83F0E2AAEE8AF0082A6A2 /* SUIT-Regular.otf in Resources */,
				09A83F092AAEE8AF0082A6A2 /* SUIT-ExtraLight.otf in Resources */,
				09317F0D2AEF2AEF0030EAC5 /* AroundDetailView.xib in Resources */,
				09A83EF02AAE9D210082A6A2 /* AroundView.xib in Resources */,
				091D5F4C2AB18A0B00D58FA2 /* MyCollectionView.xib in Resources */,
				09D7B1892AAAFE9200991841 /* LaunchScreen.storyboard in Resources */,
				09591B962AB0305A00A3F0D6 /* OnboardingView.xib in Resources */,
				09A83EF52AAEAB620082A6A2 /* LoginView.xib in Resources */,
				0868D6E02B176C9F00094464 /* WithdrawalView.xib in Resources */,
				0868D6ED2B176EEE00094464 /* QuestionCell.xib in Resources */,
				09591B9C2AB033C800A3F0D6 /* OnboardingCell.xib in Resources */,
				08A0ACF22B0F79210082161F /* MyRecommendListView.xib in Resources */,
				0914EF812AF4B246008F1E5B /* MyRouteCollectionViewCell.xib in Resources */,
				09D7B1862AAAFE9200991841 /* Assets.xcassets in Resources */,
				08A6AF5F2B0A390F0045EAFA /* SearchRouteSelectView.xib in Resources */,
				09D7B1842AAAFE9100991841 /* Main.storyboard in Resources */,
				09A83F0F2AAEE8AF0082A6A2 /* SUIT-Bold.otf in Resources */,
				08FA16722AFBAA6600E9C452 /* RegisterRouteView.xib in Resources */,
				09A83F072AAEE8AF0082A6A2 /* SUIT-Thin.otf in Resources */,
				09A83EEB2AAE9C9B0082A6A2 /* RecommendView.xib in Resources */,
			);
			runOnlyForDeploymentPostprocessing = 0;
		};
/* End PBXResourcesBuildPhase section */

/* Begin PBXShellScriptBuildPhase section */
		A7A4446CF7CB3CB1F849BC02 /* [CP] Check Pods Manifest.lock */ = {
			isa = PBXShellScriptBuildPhase;
			buildActionMask = 2147483647;
			files = (
			);
			inputFileListPaths = (
			);
			inputPaths = (
				"${PODS_PODFILE_DIR_PATH}/Podfile.lock",
				"${PODS_ROOT}/Manifest.lock",
			);
			name = "[CP] Check Pods Manifest.lock";
			outputFileListPaths = (
			);
			outputPaths = (
				"$(DERIVED_FILE_DIR)/Pods-TravelMaker-checkManifestLockResult.txt",
			);
			runOnlyForDeploymentPostprocessing = 0;
			shellPath = /bin/sh;
			shellScript = "diff \"${PODS_PODFILE_DIR_PATH}/Podfile.lock\" \"${PODS_ROOT}/Manifest.lock\" > /dev/null\nif [ $? != 0 ] ; then\n    # print error to STDERR\n    echo \"error: The sandbox is not in sync with the Podfile.lock. Run 'pod install' or update your CocoaPods installation.\" >&2\n    exit 1\nfi\n# This output is used by Xcode 'outputs' to avoid re-running this script phase.\necho \"SUCCESS\" > \"${SCRIPT_OUTPUT_FILE_0}\"\n";
			showEnvVarsInLog = 0;
		};
		D87744CB8C6F3D6F1F48127C /* [CP] Embed Pods Frameworks */ = {
			isa = PBXShellScriptBuildPhase;
			buildActionMask = 2147483647;
			files = (
			);
			inputFileListPaths = (
				"${PODS_ROOT}/Target Support Files/Pods-TravelMaker/Pods-TravelMaker-frameworks-${CONFIGURATION}-input-files.xcfilelist",
			);
			name = "[CP] Embed Pods Frameworks";
			outputFileListPaths = (
				"${PODS_ROOT}/Target Support Files/Pods-TravelMaker/Pods-TravelMaker-frameworks-${CONFIGURATION}-output-files.xcfilelist",
			);
			runOnlyForDeploymentPostprocessing = 0;
			shellPath = /bin/sh;
			shellScript = "\"${PODS_ROOT}/Target Support Files/Pods-TravelMaker/Pods-TravelMaker-frameworks.sh\"\n";
			showEnvVarsInLog = 0;
		};
/* End PBXShellScriptBuildPhase section */

/* Begin PBXSourcesBuildPhase section */
		09D7B1752AAAFE9100991841 /* Sources */ = {
			isa = PBXSourcesBuildPhase;
			buildActionMask = 2147483647;
			files = (
				08A6AF5E2B0A390F0045EAFA /* SearchRouteSelectView.swift in Sources */,
				09A83EF42AAEAB620082A6A2 /* LoginView.swift in Sources */,
				08A6AF512B0A319D0045EAFA /* SearchRouteView.swift in Sources */,
				09D7B1812AAAFE9100991841 /* TabBarViewController.swift in Sources */,
				09A83F212AAF09290082A6A2 /* SessionManager.swift in Sources */,
				090FB9EE2ADE5B48005081F8 /* UIImage+Extension.swift in Sources */,
				09C4BA752AD8E12200BE8376 /* SearchSpaceViewReactor.swift in Sources */,
				09BF583E2AD7E07600DCF822 /* SearchSpaceView.swift in Sources */,
				0868D6E82B176DEA00094464 /* BasicButtonBuilder.swift in Sources */,
				09591BA62AB0588F00A3F0D6 /* ColorConstants.swift in Sources */,
				09591B912AB0296800A3F0D6 /* SignUpModel.swift in Sources */,
				09A83F282AAF0C600082A6A2 /* CustomPlugin.swift in Sources */,
				0868D6E32B176D3900094464 /* CommonHeader.swift in Sources */,
				08A0ACF62B0F7A5C0082161F /* MyRecommendCollectionViewCell.swift in Sources */,
				09CDB73C2AF0C1C700044CF2 /* PassThroughView.swift in Sources */,
				09A83F1E2AAF05DB0082A6A2 /* Apis.swift in Sources */,
				08A6AF582B0A33710045EAFA /* SearchRouteCell.swift in Sources */,
				09F0DB9D2AB412D500207F0D /* Constants.swift in Sources */,
				0960FFA22AE64979004D9068 /* ResponseRegisterNearMeModel.swift in Sources */,
				09B318492AD667420060CF20 /* Utils.swift in Sources */,
				08A0ACF12B0F79210082161F /* MyRecommendListView.swift in Sources */,
				08A6AF552B0A32240045EAFA /* SearchRouteViewReactor.swift in Sources */,
				09591B8E2AB020F600A3F0D6 /* BaseViewController.swift in Sources */,
				0960FF982AE60DF6004D9068 /* SearchSpaceViewModel.swift in Sources */,
				09A83F262AAF0B0E0082A6A2 /* NetworkWrapper.swift in Sources */,
				09112BF52AE8D6D5001AFDC6 /* PaddingLabel.swift in Sources */,
				08FF473F2B1336FA00B0D6AB /* UIApplication+Extension.swift in Sources */,
				09D7B17D2AAAFE9100991841 /* AppDelegate.swift in Sources */,
				0868D6E52B176D7600094464 /* UIView+Extension.swift in Sources */,
				090FB9EB2ADE553D005081F8 /* SearchSpaceSelectView.swift in Sources */,
				09112BF22AE8A8EE001AFDC6 /* AroundMeRecordCustomView.swift in Sources */,
				09CDB7462AF0DE1600044CF2 /* ResponseRecommendALLModel.swift in Sources */,
				08A6AF5B2B0A33C00045EAFA /* SearchRouteModel.swift in Sources */,
				09CDB7432AF0DA2A00044CF2 /* ErrorHandling.swift in Sources */,
				09CDB7402AF0D76E00044CF2 /* AsyncNetworkManager.swift in Sources */,
				0914EF802AF4B246008F1E5B /* MyRouteCollectionViewCell.swift in Sources */,
				091D5F452AB17F8C00D58FA2 /* MyPageView.swift in Sources */,
				09A83F242AAF0A410082A6A2 /* LoginModel.swift in Sources */,
				0868D6EC2B176EEE00094464 /* QuestionCell.swift in Sources */,
				09591B7B2AAFE77800A3F0D6 /* SignUpView.swift in Sources */,
				091D5F2D2AB1391900D58FA2 /* SocialLoginManager.swift in Sources */,
				099EE9BA2ADD140F000F0BBE /* LocationManager.swift in Sources */,
				0960FF952AE607E2004D9068 /* UINavigationController+Extension.swift in Sources */,
				0986BCC32AF364D100987836 /* RecommendSelectView.swift in Sources */,
				091D5F4B2AB18A0B00D58FA2 /* MyCollectionView.swift in Sources */,
				08A6AF622B0A39690045EAFA /* SearchRouteViewModel.swift in Sources */,
				091B19A42AD4E732009A6AF1 /* RegisterNearMe.swift in Sources */,
				0868D6F12B176F5500094464 /* WithdrawalViewModel.swift in Sources */,
				09591B802AAFF44F00A3F0D6 /* UITextField+Extension.swift in Sources */,
				09A565122AE75DC6003DF90B /* AroundViewReactor.swift in Sources */,
				09A83F122AAF04940082A6A2 /* UsersApi.swift in Sources */,
				09A6E7942AF2142C0033152E /* RecommendCollectionViewCell.swift in Sources */,
				09D7B17F2AAAFE9100991841 /* SceneDelegate.swift in Sources */,
				09F0DBA62AB4493100207F0D /* String+Extension.swift in Sources */,
				0868D6DF2B176C9F00094464 /* WithdrawalView.swift in Sources */,
				09591BA32AB04CC500A3F0D6 /* UserDefaultManager.swift in Sources */,
				09F0DB9A2AB3F1C500207F0D /* MyPageModel.swift in Sources */,
				09C4BA722AD8E0B500BE8376 /* SearchSpaceCell.swift in Sources */,
				09591B9B2AB033C800A3F0D6 /* OnboardingCell.swift in Sources */,
				08FF47412B13472E00B0D6AB /* BaseWhiteView.swift in Sources */,
				091D5F2F2AB13AF700D58FA2 /* NaverLoginModel.swift in Sources */,
				0914EF7B2AF4AD12008F1E5B /* MyRouteView.swift in Sources */,
				0960FF9A2AE63187004D9068 /* FileUploadRepository.swift in Sources */,
				090FB9F22ADE7985005081F8 /* AroundMeCustomView.swift in Sources */,
				09CDB73E2AF0C20300044CF2 /* BottomSheetView.swift in Sources */,
				0960FF9F2AE6321D004D9068 /* RequestRegisterNearMeModel.swift in Sources */,
				09A83EEF2AAE9D210082A6A2 /* AroundView.swift in Sources */,
				09591B952AB0305A00A3F0D6 /* OnboardingView.swift in Sources */,
				09317F102AEF47E50030EAC5 /* KFSource.swift in Sources */,
				09A565152AE76061003DF90B /* ResponseAroundModel.swift in Sources */,
				09A83EEA2AAE9C9B0082A6A2 /* RecommendView.swift in Sources */,
				0868D6F42B176F6D00094464 /* WithdrawalModel.swift in Sources */,
				09C4BA7F2AD9350100BE8376 /* SearchSpaceModel.swift in Sources */,
				09317F0C2AEF2AEF0030EAC5 /* AroundDetailView.swift in Sources */,
				08FA16712AFBAA6600E9C452 /* RegisterRouteView.swift in Sources */,
			);
			runOnlyForDeploymentPostprocessing = 0;
		};
/* End PBXSourcesBuildPhase section */

/* Begin PBXVariantGroup section */
		09D7B1822AAAFE9100991841 /* Main.storyboard */ = {
			isa = PBXVariantGroup;
			children = (
				09D7B1832AAAFE9100991841 /* Base */,
			);
			name = Main.storyboard;
			sourceTree = "<group>";
		};
		09D7B1872AAAFE9200991841 /* LaunchScreen.storyboard */ = {
			isa = PBXVariantGroup;
			children = (
				09D7B1882AAAFE9200991841 /* Base */,
			);
			name = LaunchScreen.storyboard;
			sourceTree = "<group>";
		};
/* End PBXVariantGroup section */

/* Begin XCBuildConfiguration section */
		09D7B18B2AAAFE9200991841 /* Debug */ = {
			isa = XCBuildConfiguration;
			buildSettings = {
				ALWAYS_SEARCH_USER_PATHS = NO;
				CLANG_ANALYZER_NONNULL = YES;
				CLANG_ANALYZER_NUMBER_OBJECT_CONVERSION = YES_AGGRESSIVE;
				CLANG_CXX_LANGUAGE_STANDARD = "gnu++20";
				CLANG_ENABLE_MODULES = YES;
				CLANG_ENABLE_OBJC_ARC = YES;
				CLANG_ENABLE_OBJC_WEAK = YES;
				CLANG_WARN_BLOCK_CAPTURE_AUTORELEASING = YES;
				CLANG_WARN_BOOL_CONVERSION = YES;
				CLANG_WARN_COMMA = YES;
				CLANG_WARN_CONSTANT_CONVERSION = YES;
				CLANG_WARN_DEPRECATED_OBJC_IMPLEMENTATIONS = YES;
				CLANG_WARN_DIRECT_OBJC_ISA_USAGE = YES_ERROR;
				CLANG_WARN_DOCUMENTATION_COMMENTS = YES;
				CLANG_WARN_EMPTY_BODY = YES;
				CLANG_WARN_ENUM_CONVERSION = YES;
				CLANG_WARN_INFINITE_RECURSION = YES;
				CLANG_WARN_INT_CONVERSION = YES;
				CLANG_WARN_NON_LITERAL_NULL_CONVERSION = YES;
				CLANG_WARN_OBJC_IMPLICIT_RETAIN_SELF = YES;
				CLANG_WARN_OBJC_LITERAL_CONVERSION = YES;
				CLANG_WARN_OBJC_ROOT_CLASS = YES_ERROR;
				CLANG_WARN_QUOTED_INCLUDE_IN_FRAMEWORK_HEADER = YES;
				CLANG_WARN_RANGE_LOOP_ANALYSIS = YES;
				CLANG_WARN_STRICT_PROTOTYPES = YES;
				CLANG_WARN_SUSPICIOUS_MOVE = YES;
				CLANG_WARN_UNGUARDED_AVAILABILITY = YES_AGGRESSIVE;
				CLANG_WARN_UNREACHABLE_CODE = YES;
				CLANG_WARN__DUPLICATE_METHOD_MATCH = YES;
				COPY_PHASE_STRIP = NO;
				DEBUG_INFORMATION_FORMAT = dwarf;
				ENABLE_STRICT_OBJC_MSGSEND = YES;
				ENABLE_TESTABILITY = YES;
				GCC_C_LANGUAGE_STANDARD = gnu11;
				GCC_DYNAMIC_NO_PIC = NO;
				GCC_NO_COMMON_BLOCKS = YES;
				GCC_OPTIMIZATION_LEVEL = 0;
				GCC_PREPROCESSOR_DEFINITIONS = (
					"DEBUG=1",
					"FLEXLAYOUT_SWIFT_PACKAGE=1",
					"$(inherited)",
				);
				GCC_WARN_64_TO_32_BIT_CONVERSION = YES;
				GCC_WARN_ABOUT_RETURN_TYPE = YES_ERROR;
				GCC_WARN_UNDECLARED_SELECTOR = YES;
				GCC_WARN_UNINITIALIZED_AUTOS = YES_AGGRESSIVE;
				GCC_WARN_UNUSED_FUNCTION = YES;
				GCC_WARN_UNUSED_VARIABLE = YES;
				IPHONEOS_DEPLOYMENT_TARGET = 16.4;
				MTL_ENABLE_DEBUG_INFO = INCLUDE_SOURCE;
				MTL_FAST_MATH = YES;
				ONLY_ACTIVE_ARCH = YES;
				SDKROOT = iphoneos;
				SWIFT_ACTIVE_COMPILATION_CONDITIONS = DEBUG;
				SWIFT_OPTIMIZATION_LEVEL = "-Onone";
			};
			name = Debug;
		};
		09D7B18C2AAAFE9200991841 /* Release */ = {
			isa = XCBuildConfiguration;
			buildSettings = {
				ALWAYS_SEARCH_USER_PATHS = NO;
				CLANG_ANALYZER_NONNULL = YES;
				CLANG_ANALYZER_NUMBER_OBJECT_CONVERSION = YES_AGGRESSIVE;
				CLANG_CXX_LANGUAGE_STANDARD = "gnu++20";
				CLANG_ENABLE_MODULES = YES;
				CLANG_ENABLE_OBJC_ARC = YES;
				CLANG_ENABLE_OBJC_WEAK = YES;
				CLANG_WARN_BLOCK_CAPTURE_AUTORELEASING = YES;
				CLANG_WARN_BOOL_CONVERSION = YES;
				CLANG_WARN_COMMA = YES;
				CLANG_WARN_CONSTANT_CONVERSION = YES;
				CLANG_WARN_DEPRECATED_OBJC_IMPLEMENTATIONS = YES;
				CLANG_WARN_DIRECT_OBJC_ISA_USAGE = YES_ERROR;
				CLANG_WARN_DOCUMENTATION_COMMENTS = YES;
				CLANG_WARN_EMPTY_BODY = YES;
				CLANG_WARN_ENUM_CONVERSION = YES;
				CLANG_WARN_INFINITE_RECURSION = YES;
				CLANG_WARN_INT_CONVERSION = YES;
				CLANG_WARN_NON_LITERAL_NULL_CONVERSION = YES;
				CLANG_WARN_OBJC_IMPLICIT_RETAIN_SELF = YES;
				CLANG_WARN_OBJC_LITERAL_CONVERSION = YES;
				CLANG_WARN_OBJC_ROOT_CLASS = YES_ERROR;
				CLANG_WARN_QUOTED_INCLUDE_IN_FRAMEWORK_HEADER = YES;
				CLANG_WARN_RANGE_LOOP_ANALYSIS = YES;
				CLANG_WARN_STRICT_PROTOTYPES = YES;
				CLANG_WARN_SUSPICIOUS_MOVE = YES;
				CLANG_WARN_UNGUARDED_AVAILABILITY = YES_AGGRESSIVE;
				CLANG_WARN_UNREACHABLE_CODE = YES;
				CLANG_WARN__DUPLICATE_METHOD_MATCH = YES;
				COPY_PHASE_STRIP = NO;
				DEBUG_INFORMATION_FORMAT = "dwarf-with-dsym";
				ENABLE_NS_ASSERTIONS = NO;
				ENABLE_STRICT_OBJC_MSGSEND = YES;
				GCC_C_LANGUAGE_STANDARD = gnu11;
				GCC_NO_COMMON_BLOCKS = YES;
				"GCC_PREPROCESSOR_DEFINITIONS[arch=*]" = "FLEXLAYOUT_SWIFT_PACKAGE=1";
				GCC_WARN_64_TO_32_BIT_CONVERSION = YES;
				GCC_WARN_ABOUT_RETURN_TYPE = YES_ERROR;
				GCC_WARN_UNDECLARED_SELECTOR = YES;
				GCC_WARN_UNINITIALIZED_AUTOS = YES_AGGRESSIVE;
				GCC_WARN_UNUSED_FUNCTION = YES;
				GCC_WARN_UNUSED_VARIABLE = YES;
				IPHONEOS_DEPLOYMENT_TARGET = 16.4;
				MTL_ENABLE_DEBUG_INFO = NO;
				MTL_FAST_MATH = YES;
				SDKROOT = iphoneos;
				SWIFT_COMPILATION_MODE = wholemodule;
				SWIFT_OPTIMIZATION_LEVEL = "-O";
				VALIDATE_PRODUCT = YES;
			};
			name = Release;
		};
		09D7B18E2AAAFE9200991841 /* Debug */ = {
			isa = XCBuildConfiguration;
			baseConfigurationReference = CFF17FA126BD179BF203F006 /* Pods-TravelMaker.debug.xcconfig */;
			buildSettings = {
				ASSETCATALOG_COMPILER_APPICON_NAME = AppIcon;
				ASSETCATALOG_COMPILER_GLOBAL_ACCENT_COLOR_NAME = AccentColor;
				CODE_SIGN_ENTITLEMENTS = TravelMaker/TravelMaker.entitlements;
				CODE_SIGN_STYLE = Automatic;
				CURRENT_PROJECT_VERSION = 1;
				DEVELOPMENT_TEAM = 85JQGU3JU9;
				"GCC_PREPROCESSOR_DEFINITIONS[arch=*]" = (
					"DEBUG=1",
					"FLEXLAYOUT_SWIFT_PACKAGE=1",
					"$(inherited)",
				);
				GENERATE_INFOPLIST_FILE = YES;
				INFOPLIST_FILE = TravelMaker/Info.plist;
				INFOPLIST_KEY_NSLocationWhenInUseUsageDescription = "사용자의 위치를 기반으로 주변 데이터를 제공하기 위해 권한이 필요합니다.";
				INFOPLIST_KEY_NSPhotoLibraryUsageDescription = "프로필 사진 첨부, 게시글 사진 첨부 기능 사용을 위해 앨범 접근권한 동의가 필요합니다. 설정에서 이를 변경할 수 있습니다.";
				INFOPLIST_KEY_UIApplicationSupportsIndirectInputEvents = YES;
				INFOPLIST_KEY_UILaunchStoryboardName = LaunchScreen;
				INFOPLIST_KEY_UIMainStoryboardFile = Main;
				INFOPLIST_KEY_UISupportedInterfaceOrientations_iPad = "UIInterfaceOrientationPortrait UIInterfaceOrientationPortraitUpsideDown UIInterfaceOrientationLandscapeLeft UIInterfaceOrientationLandscapeRight";
				INFOPLIST_KEY_UISupportedInterfaceOrientations_iPhone = "UIInterfaceOrientationPortrait UIInterfaceOrientationLandscapeLeft UIInterfaceOrientationLandscapeRight";
				INFOPLIST_KEY_UIUserInterfaceStyle = Light;
				LD_RUNPATH_SEARCH_PATHS = (
					"$(inherited)",
					"@executable_path/Frameworks",
				);
				MARKETING_VERSION = 1.0;
				PRODUCT_BUNDLE_IDENTIFIER = com.develop.chanho.TravelMaker;
				PRODUCT_NAME = "$(TARGET_NAME)";
				SWIFT_EMIT_LOC_STRINGS = YES;
				SWIFT_VERSION = 5.0;
				TARGETED_DEVICE_FAMILY = "1,2";
			};
			name = Debug;
		};
		09D7B18F2AAAFE9200991841 /* Release */ = {
			isa = XCBuildConfiguration;
			baseConfigurationReference = 084B620A9339468BEB583C7C /* Pods-TravelMaker.release.xcconfig */;
			buildSettings = {
				ASSETCATALOG_COMPILER_APPICON_NAME = AppIcon;
				ASSETCATALOG_COMPILER_GLOBAL_ACCENT_COLOR_NAME = AccentColor;
				CODE_SIGN_ENTITLEMENTS = TravelMaker/TravelMaker.entitlements;
				CODE_SIGN_STYLE = Automatic;
				CURRENT_PROJECT_VERSION = 1;
				DEVELOPMENT_TEAM = 85JQGU3JU9;
				"GCC_PREPROCESSOR_DEFINITIONS[arch=*]" = "FLEXLAYOUT_SWIFT_PACKAGE=1";
				GENERATE_INFOPLIST_FILE = YES;
				INFOPLIST_FILE = TravelMaker/Info.plist;
				INFOPLIST_KEY_NSLocationWhenInUseUsageDescription = "사용자의 위치를 기반으로 주변 데이터를 제공하기 위해 권한이 필요합니다.";
				INFOPLIST_KEY_NSPhotoLibraryUsageDescription = "프로필 사진 첨부, 게시글 사진 첨부 기능 사용을 위해 앨범 접근권한 동의가 필요합니다. 설정에서 이를 변경할 수 있습니다.";
				INFOPLIST_KEY_UIApplicationSupportsIndirectInputEvents = YES;
				INFOPLIST_KEY_UILaunchStoryboardName = LaunchScreen;
				INFOPLIST_KEY_UIMainStoryboardFile = Main;
				INFOPLIST_KEY_UISupportedInterfaceOrientations_iPad = "UIInterfaceOrientationPortrait UIInterfaceOrientationPortraitUpsideDown UIInterfaceOrientationLandscapeLeft UIInterfaceOrientationLandscapeRight";
				INFOPLIST_KEY_UISupportedInterfaceOrientations_iPhone = "UIInterfaceOrientationPortrait UIInterfaceOrientationLandscapeLeft UIInterfaceOrientationLandscapeRight";
				INFOPLIST_KEY_UIUserInterfaceStyle = Light;
				LD_RUNPATH_SEARCH_PATHS = (
					"$(inherited)",
					"@executable_path/Frameworks",
				);
				MARKETING_VERSION = 1.0;
				PRODUCT_BUNDLE_IDENTIFIER = com.develop.chanho.TravelMaker;
				PRODUCT_NAME = "$(TARGET_NAME)";
				SWIFT_EMIT_LOC_STRINGS = YES;
				SWIFT_VERSION = 5.0;
				TARGETED_DEVICE_FAMILY = "1,2";
			};
			name = Release;
		};
/* End XCBuildConfiguration section */

/* Begin XCConfigurationList section */
		09D7B1742AAAFE9100991841 /* Build configuration list for PBXProject "TravelMaker" */ = {
			isa = XCConfigurationList;
			buildConfigurations = (
				09D7B18B2AAAFE9200991841 /* Debug */,
				09D7B18C2AAAFE9200991841 /* Release */,
			);
			defaultConfigurationIsVisible = 0;
			defaultConfigurationName = Release;
		};
		09D7B18D2AAAFE9200991841 /* Build configuration list for PBXNativeTarget "TravelMaker" */ = {
			isa = XCConfigurationList;
			buildConfigurations = (
				09D7B18E2AAAFE9200991841 /* Debug */,
				09D7B18F2AAAFE9200991841 /* Release */,
			);
			defaultConfigurationIsVisible = 0;
			defaultConfigurationName = Release;
		};
/* End XCConfigurationList section */

/* Begin XCRemoteSwiftPackageReference section */
		08A6AF4A2B0A2E520045EAFA /* XCRemoteSwiftPackageReference "RxGesture" */ = {
			isa = XCRemoteSwiftPackageReference;
			repositoryURL = "https://github.com/RxSwiftCommunity/RxGesture.git";
			requirement = {
				kind = upToNextMajorVersion;
				minimumVersion = 4.0.4;
			};
		};
		091D5F302AB1551A00D58FA2 /* XCRemoteSwiftPackageReference "kakao-ios-sdk" */ = {
			isa = XCRemoteSwiftPackageReference;
			repositoryURL = "https://github.com/kakao/kakao-ios-sdk";
			requirement = {
				kind = upToNextMajorVersion;
				minimumVersion = 2.0.0;
			};
		};
		09591B812AB003AF00A3F0D6 /* XCRemoteSwiftPackageReference "RxSwift" */ = {
			isa = XCRemoteSwiftPackageReference;
			repositoryURL = "https://github.com/ReactiveX/RxSwift.git";
			requirement = {
				kind = upToNextMajorVersion;
				minimumVersion = 6.0.0;
			};
		};
		099EE9BB2ADD14AC000F0BBE /* XCRemoteSwiftPackageReference "RxCoreLocation" */ = {
			isa = XCRemoteSwiftPackageReference;
			repositoryURL = "https://github.com/RxSwiftCommunity/RxCoreLocation.git";
			requirement = {
				kind = upToNextMajorVersion;
				minimumVersion = 1.0.0;
			};
		};
		09A83EDA2AAE94CE0082A6A2 /* XCRemoteSwiftPackageReference "FlexLayout" */ = {
			isa = XCRemoteSwiftPackageReference;
			repositoryURL = "https://github.com/layoutBox/FlexLayout.git";
			requirement = {
				kind = upToNextMajorVersion;
				minimumVersion = 1.3.18;
			};
		};
		09A83EE12AAE95330082A6A2 /* XCRemoteSwiftPackageReference "PinLayout" */ = {
			isa = XCRemoteSwiftPackageReference;
			repositoryURL = "https://github.com/layoutBox/PinLayout";
			requirement = {
				kind = upToNextMajorVersion;
				minimumVersion = 1.0.0;
			};
		};
		09A83F132AAF05060082A6A2 /* XCRemoteSwiftPackageReference "Moya" */ = {
			isa = XCRemoteSwiftPackageReference;
			repositoryURL = "https://github.com/Moya/Moya.git";
			requirement = {
				kind = upToNextMajorVersion;
				minimumVersion = 15.0.0;
			};
		};
		09B318442AD658BB0060CF20 /* XCRemoteSwiftPackageReference "Cosmos" */ = {
			isa = XCRemoteSwiftPackageReference;
			repositoryURL = "https://github.com/evgenyneu/Cosmos.git";
			requirement = {
				kind = upToNextMajorVersion;
				minimumVersion = 23.0.0;
			};
		};
		09BF582C2AD7883600DCF822 /* XCRemoteSwiftPackageReference "YPImagePicker" */ = {
			isa = XCRemoteSwiftPackageReference;
			repositoryURL = "https://github.com/Yummypets/YPImagePicker.git";
			requirement = {
				kind = upToNextMajorVersion;
				minimumVersion = 5.0.0;
			};
		};
		09BF582F2AD78F5C00DCF822 /* XCRemoteSwiftPackageReference "Kingfisher" */ = {
			isa = XCRemoteSwiftPackageReference;
			repositoryURL = "https://github.com/onevcat/Kingfisher.git";
			requirement = {
				kind = upToNextMajorVersion;
				minimumVersion = 7.0.0;
			};
		};
		09C4BA762AD9059200BE8376 /* XCRemoteSwiftPackageReference "ReactorKit" */ = {
			isa = XCRemoteSwiftPackageReference;
			repositoryURL = "https://github.com/ReactorKit/ReactorKit.git";
			requirement = {
				kind = upToNextMajorVersion;
				minimumVersion = 3.0.0;
			};
		};
		09CAB1512AD508230077B46F /* XCRemoteSwiftPackageReference "Then" */ = {
			isa = XCRemoteSwiftPackageReference;
			repositoryURL = "https://github.com/devxoul/Then";
			requirement = {
				kind = upToNextMajorVersion;
				minimumVersion = 3.0.0;
			};
		};
		09CAB1542AD508820077B46F /* XCRemoteSwiftPackageReference "SnapKit" */ = {
			isa = XCRemoteSwiftPackageReference;
			repositoryURL = "https://github.com/SnapKit/SnapKit.git";
			requirement = {
				kind = upToNextMajorVersion;
				minimumVersion = 5.0.0;
			};
		};
/* End XCRemoteSwiftPackageReference section */

/* Begin XCSwiftPackageProductDependency section */
		08A6AF4B2B0A2E520045EAFA /* RxGesture */ = {
			isa = XCSwiftPackageProductDependency;
			package = 08A6AF4A2B0A2E520045EAFA /* XCRemoteSwiftPackageReference "RxGesture" */;
			productName = RxGesture;
		};
		091D5F312AB1551B00D58FA2 /* KakaoSDK */ = {
			isa = XCSwiftPackageProductDependency;
			package = 091D5F302AB1551A00D58FA2 /* XCRemoteSwiftPackageReference "kakao-ios-sdk" */;
			productName = KakaoSDK;
		};
		091D5F332AB1551B00D58FA2 /* KakaoSDKAuth */ = {
			isa = XCSwiftPackageProductDependency;
			package = 091D5F302AB1551A00D58FA2 /* XCRemoteSwiftPackageReference "kakao-ios-sdk" */;
			productName = KakaoSDKAuth;
		};
		091D5F352AB1551B00D58FA2 /* KakaoSDKNavi */ = {
			isa = XCSwiftPackageProductDependency;
			package = 091D5F302AB1551A00D58FA2 /* XCRemoteSwiftPackageReference "kakao-ios-sdk" */;
			productName = KakaoSDKNavi;
		};
		091D5F372AB1551B00D58FA2 /* KakaoSDKShare */ = {
			isa = XCSwiftPackageProductDependency;
			package = 091D5F302AB1551A00D58FA2 /* XCRemoteSwiftPackageReference "kakao-ios-sdk" */;
			productName = KakaoSDKShare;
		};
		091D5F392AB1551B00D58FA2 /* KakaoSDKTalk */ = {
			isa = XCSwiftPackageProductDependency;
			package = 091D5F302AB1551A00D58FA2 /* XCRemoteSwiftPackageReference "kakao-ios-sdk" */;
			productName = KakaoSDKTalk;
		};
		091D5F3B2AB1551B00D58FA2 /* KakaoSDKTemplate */ = {
			isa = XCSwiftPackageProductDependency;
			package = 091D5F302AB1551A00D58FA2 /* XCRemoteSwiftPackageReference "kakao-ios-sdk" */;
			productName = KakaoSDKTemplate;
		};
		091D5F3D2AB1551B00D58FA2 /* KakaoSDKUser */ = {
			isa = XCSwiftPackageProductDependency;
			package = 091D5F302AB1551A00D58FA2 /* XCRemoteSwiftPackageReference "kakao-ios-sdk" */;
			productName = KakaoSDKUser;
		};
		09591B822AB003AF00A3F0D6 /* RxCocoa */ = {
			isa = XCSwiftPackageProductDependency;
			package = 09591B812AB003AF00A3F0D6 /* XCRemoteSwiftPackageReference "RxSwift" */;
			productName = RxCocoa;
		};
		09591B842AB003AF00A3F0D6 /* RxRelay */ = {
			isa = XCSwiftPackageProductDependency;
			package = 09591B812AB003AF00A3F0D6 /* XCRemoteSwiftPackageReference "RxSwift" */;
			productName = RxRelay;
		};
		09591B862AB003AF00A3F0D6 /* RxSwift */ = {
			isa = XCSwiftPackageProductDependency;
			package = 09591B812AB003AF00A3F0D6 /* XCRemoteSwiftPackageReference "RxSwift" */;
			productName = RxSwift;
		};
		099EE9BC2ADD14AC000F0BBE /* RxCoreLocation */ = {
			isa = XCSwiftPackageProductDependency;
			package = 099EE9BB2ADD14AC000F0BBE /* XCRemoteSwiftPackageReference "RxCoreLocation" */;
			productName = RxCoreLocation;
		};
		09A83EDB2AAE94CE0082A6A2 /* FlexLayout */ = {
			isa = XCSwiftPackageProductDependency;
			package = 09A83EDA2AAE94CE0082A6A2 /* XCRemoteSwiftPackageReference "FlexLayout" */;
			productName = FlexLayout;
		};
		09A83EDD2AAE94CE0082A6A2 /* FlexLayoutYoga */ = {
			isa = XCSwiftPackageProductDependency;
			package = 09A83EDA2AAE94CE0082A6A2 /* XCRemoteSwiftPackageReference "FlexLayout" */;
			productName = FlexLayoutYoga;
		};
		09A83EDF2AAE94CE0082A6A2 /* FlexLayoutYogaKit */ = {
			isa = XCSwiftPackageProductDependency;
			package = 09A83EDA2AAE94CE0082A6A2 /* XCRemoteSwiftPackageReference "FlexLayout" */;
			productName = FlexLayoutYogaKit;
		};
		09A83EE22AAE95330082A6A2 /* PinLayout */ = {
			isa = XCSwiftPackageProductDependency;
			package = 09A83EE12AAE95330082A6A2 /* XCRemoteSwiftPackageReference "PinLayout" */;
			productName = PinLayout;
		};
		09A83F142AAF05060082A6A2 /* CombineMoya */ = {
			isa = XCSwiftPackageProductDependency;
			package = 09A83F132AAF05060082A6A2 /* XCRemoteSwiftPackageReference "Moya" */;
			productName = CombineMoya;
		};
		09A83F162AAF05060082A6A2 /* Moya */ = {
			isa = XCSwiftPackageProductDependency;
			package = 09A83F132AAF05060082A6A2 /* XCRemoteSwiftPackageReference "Moya" */;
			productName = Moya;
		};
		09A83F182AAF05060082A6A2 /* ReactiveMoya */ = {
			isa = XCSwiftPackageProductDependency;
			package = 09A83F132AAF05060082A6A2 /* XCRemoteSwiftPackageReference "Moya" */;
			productName = ReactiveMoya;
		};
		09A83F1A2AAF05060082A6A2 /* RxMoya */ = {
			isa = XCSwiftPackageProductDependency;
			package = 09A83F132AAF05060082A6A2 /* XCRemoteSwiftPackageReference "Moya" */;
			productName = RxMoya;
		};
		09B318452AD658BB0060CF20 /* Cosmos */ = {
			isa = XCSwiftPackageProductDependency;
			package = 09B318442AD658BB0060CF20 /* XCRemoteSwiftPackageReference "Cosmos" */;
			productName = Cosmos;
		};
		09BF582D2AD7883600DCF822 /* YPImagePicker */ = {
			isa = XCSwiftPackageProductDependency;
			package = 09BF582C2AD7883600DCF822 /* XCRemoteSwiftPackageReference "YPImagePicker" */;
			productName = YPImagePicker;
		};
		09BF58302AD78F5C00DCF822 /* Kingfisher */ = {
			isa = XCSwiftPackageProductDependency;
			package = 09BF582F2AD78F5C00DCF822 /* XCRemoteSwiftPackageReference "Kingfisher" */;
			productName = Kingfisher;
		};
		09C4BA772AD9059300BE8376 /* ReactorKit */ = {
			isa = XCSwiftPackageProductDependency;
			package = 09C4BA762AD9059200BE8376 /* XCRemoteSwiftPackageReference "ReactorKit" */;
			productName = ReactorKit;
		};
		09CAB1522AD508230077B46F /* Then */ = {
			isa = XCSwiftPackageProductDependency;
			package = 09CAB1512AD508230077B46F /* XCRemoteSwiftPackageReference "Then" */;
			productName = Then;
		};
		09CAB1552AD508820077B46F /* SnapKit */ = {
			isa = XCSwiftPackageProductDependency;
			package = 09CAB1542AD508820077B46F /* XCRemoteSwiftPackageReference "SnapKit" */;
			productName = SnapKit;
		};
/* End XCSwiftPackageProductDependency section */
	};
	rootObject = 09D7B1712AAAFE9100991841 /* Project object */;
}
